// !$*UTF8*$!
{
	archiveVersion = 1;
	classes = {
	};
	objectVersion = 46;
	objects = {

/* Begin PBXBuildFile section */
		4104465A191EE9AB00634088 /* DatePickerView.m in Sources */ = {isa = PBXBuildFile; fileRef = 41044658191EE9AB00634088 /* DatePickerView.m */; };
		4104465B191EE9AB00634088 /* DatePickerView.xib in Resources */ = {isa = PBXBuildFile; fileRef = 41044659191EE9AB00634088 /* DatePickerView.xib */; };
		4104466019200B5500634088 /* CategoryPickerView.m in Sources */ = {isa = PBXBuildFile; fileRef = 4104465F19200B5500634088 /* CategoryPickerView.m */; };
		410FFF6D1919401C00BDCD5F /* CustomTabBarController.m in Sources */ = {isa = PBXBuildFile; fileRef = 410FFF6B1919401C00BDCD5F /* CustomTabBarController.m */; };
		410FFF6E1919401C00BDCD5F /* CustomTabBarController.xib in Resources */ = {isa = PBXBuildFile; fileRef = 410FFF6C1919401C00BDCD5F /* CustomTabBarController.xib */; };
		410FFF721919421500BDCD5F /* CustomNavigationController.m in Sources */ = {isa = PBXBuildFile; fileRef = 410FFF711919421500BDCD5F /* CustomNavigationController.m */; };
		410FFF9E191AB57B00BDCD5F /* HeroCell.m in Sources */ = {isa = PBXBuildFile; fileRef = 410FFF9C191AB57B00BDCD5F /* HeroCell.m */; };
		410FFF9F191AB57B00BDCD5F /* HeroCell.xib in Resources */ = {isa = PBXBuildFile; fileRef = 410FFF9D191AB57B00BDCD5F /* HeroCell.xib */; };
		410FFFA2191AB94900BDCD5F /* DataFactory.m in Sources */ = {isa = PBXBuildFile; fileRef = 410FFFA1191AB94900BDCD5F /* DataFactory.m */; };
		410FFFAE191AB9C800BDCD5F /* Activity.m in Sources */ = {isa = PBXBuildFile; fileRef = 410FFFAD191AB9C800BDCD5F /* Activity.m */; };
		410FFFE0191BE30C00BDCD5F /* ActivityCategory.m in Sources */ = {isa = PBXBuildFile; fileRef = 410FFFDF191BE30C00BDCD5F /* ActivityCategory.m */; };
		410FFFE3191BE33F00BDCD5F /* ActivityCategoryDAO.m in Sources */ = {isa = PBXBuildFile; fileRef = 410FFFE2191BE33F00BDCD5F /* ActivityCategoryDAO.m */; };
		410FFFE6191BE5B500BDCD5F /* ActivityDAO.m in Sources */ = {isa = PBXBuildFile; fileRef = 410FFFE5191BE5B500BDCD5F /* ActivityDAO.m */; };
		413C3A21190DCC76005A9D51 /* Foundation.framework in Frameworks */ = {isa = PBXBuildFile; fileRef = 413C3A20190DCC76005A9D51 /* Foundation.framework */; };
		413C3A23190DCC76005A9D51 /* CoreGraphics.framework in Frameworks */ = {isa = PBXBuildFile; fileRef = 413C3A22190DCC76005A9D51 /* CoreGraphics.framework */; };
		413C3A25190DCC76005A9D51 /* UIKit.framework in Frameworks */ = {isa = PBXBuildFile; fileRef = 413C3A24190DCC76005A9D51 /* UIKit.framework */; };
		413C3A27190DCC76005A9D51 /* CoreData.framework in Frameworks */ = {isa = PBXBuildFile; fileRef = 413C3A26190DCC76005A9D51 /* CoreData.framework */; };
		413C3A2D190DCC76005A9D51 /* InfoPlist.strings in Resources */ = {isa = PBXBuildFile; fileRef = 413C3A2B190DCC76005A9D51 /* InfoPlist.strings */; };
		413C3A2F190DCC76005A9D51 /* main.m in Sources */ = {isa = PBXBuildFile; fileRef = 413C3A2E190DCC76005A9D51 /* main.m */; };
		413C3A33190DCC76005A9D51 /* AppDelegate.m in Sources */ = {isa = PBXBuildFile; fileRef = 413C3A32190DCC76005A9D51 /* AppDelegate.m */; };
		413C3A36190DCC76005A9D51 /* DoStuff.xcdatamodeld in Sources */ = {isa = PBXBuildFile; fileRef = 413C3A34190DCC76005A9D51 /* DoStuff.xcdatamodeld */; };
		413C3A38190DCC76005A9D51 /* Images.xcassets in Resources */ = {isa = PBXBuildFile; fileRef = 413C3A37190DCC76005A9D51 /* Images.xcassets */; };
		413C3A3F190DCC76005A9D51 /* XCTest.framework in Frameworks */ = {isa = PBXBuildFile; fileRef = 413C3A3E190DCC76005A9D51 /* XCTest.framework */; };
		413C3A40190DCC76005A9D51 /* Foundation.framework in Frameworks */ = {isa = PBXBuildFile; fileRef = 413C3A20190DCC76005A9D51 /* Foundation.framework */; };
		413C3A41190DCC76005A9D51 /* UIKit.framework in Frameworks */ = {isa = PBXBuildFile; fileRef = 413C3A24190DCC76005A9D51 /* UIKit.framework */; };
		413C3A42190DCC76005A9D51 /* CoreData.framework in Frameworks */ = {isa = PBXBuildFile; fileRef = 413C3A26190DCC76005A9D51 /* CoreData.framework */; };
		413C3A4A190DCC76005A9D51 /* InfoPlist.strings in Resources */ = {isa = PBXBuildFile; fileRef = 413C3A48190DCC76005A9D51 /* InfoPlist.strings */; };
		413C3A4C190DCC76005A9D51 /* DoStuffTests.m in Sources */ = {isa = PBXBuildFile; fileRef = 413C3A4B190DCC76005A9D51 /* DoStuffTests.m */; };
		413C3A59190DCCD7005A9D51 /* SetupViewController.m in Sources */ = {isa = PBXBuildFile; fileRef = 413C3A57190DCCD7005A9D51 /* SetupViewController.m */; };
		413C3A5A190DCCD7005A9D51 /* SetupViewController.xib in Resources */ = {isa = PBXBuildFile; fileRef = 413C3A58190DCCD7005A9D51 /* SetupViewController.xib */; };
		413C3A5D190DCE52005A9D51 /* GreetingsView.m in Sources */ = {isa = PBXBuildFile; fileRef = 413C3A5C190DCE52005A9D51 /* GreetingsView.m */; };
		413C3A5F190DCE65005A9D51 /* GreetingsView.xib in Resources */ = {isa = PBXBuildFile; fileRef = 413C3A5E190DCE65005A9D51 /* GreetingsView.xib */; };
		413C3A63190DCEBC005A9D51 /* CustomLabel.m in Sources */ = {isa = PBXBuildFile; fileRef = 413C3A62190DCEBC005A9D51 /* CustomLabel.m */; };
		413C3A66190DCEFA005A9D51 /* ImportDataView.m in Sources */ = {isa = PBXBuildFile; fileRef = 413C3A65190DCEFA005A9D51 /* ImportDataView.m */; };
		413C3A68190DCF1A005A9D51 /* ImportDataView.xib in Resources */ = {isa = PBXBuildFile; fileRef = 413C3A67190DCF1A005A9D51 /* ImportDataView.xib */; };
		413C3A6D190DD15E005A9D51 /* UIView+Frame.m in Sources */ = {isa = PBXBuildFile; fileRef = 413C3A6C190DD15E005A9D51 /* UIView+Frame.m */; };
		413E03B819136F930059CE09 /* HeroViewController.m in Sources */ = {isa = PBXBuildFile; fileRef = 413E03B619136F930059CE09 /* HeroViewController.m */; };
		413E03B919136F930059CE09 /* HeroViewController.xib in Resources */ = {isa = PBXBuildFile; fileRef = 413E03B719136F930059CE09 /* HeroViewController.xib */; };
		413E03BD19136FA30059CE09 /* FriendsListViewController.m in Sources */ = {isa = PBXBuildFile; fileRef = 413E03BB19136FA30059CE09 /* FriendsListViewController.m */; };
		413E03BE19136FA30059CE09 /* FriendsListViewController.xib in Resources */ = {isa = PBXBuildFile; fileRef = 413E03BC19136FA30059CE09 /* FriendsListViewController.xib */; };
		413E03C9191373D90059CE09 /* BaseDAO.m in Sources */ = {isa = PBXBuildFile; fileRef = 413E03C8191373D90059CE09 /* BaseDAO.m */; };
		413E03CC1913741B0059CE09 /* UserDAO.m in Sources */ = {isa = PBXBuildFile; fileRef = 413E03CB1913741B0059CE09 /* UserDAO.m */; };
		413E03CF1913787B0059CE09 /* DataManager.m in Sources */ = {isa = PBXBuildFile; fileRef = 413E03CE1913787B0059CE09 /* DataManager.m */; };
		413E03D519137D5F0059CE09 /* ProfileDAO.m in Sources */ = {isa = PBXBuildFile; fileRef = 413E03D419137D5F0059CE09 /* ProfileDAO.m */; };
		413E03D8191380ED0059CE09 /* BaseModel.m in Sources */ = {isa = PBXBuildFile; fileRef = 413E03D7191380ED0059CE09 /* BaseModel.m */; };
		413E03DB191382670059CE09 /* User.m in Sources */ = {isa = PBXBuildFile; fileRef = 413E03DA191382670059CE09 /* User.m */; };
		413E03DE191382670059CE09 /* Profile.m in Sources */ = {isa = PBXBuildFile; fileRef = 413E03DD191382670059CE09 /* Profile.m */; };
		413E03FE19138A840059CE09 /* MKAnnotationView+WebCache.m in Sources */ = {isa = PBXBuildFile; fileRef = 413E03E219138A840059CE09 /* MKAnnotationView+WebCache.m */; };
		413E03FF19138A840059CE09 /* NSData+ImageContentType.m in Sources */ = {isa = PBXBuildFile; fileRef = 413E03E419138A840059CE09 /* NSData+ImageContentType.m */; };
		413E040019138A840059CE09 /* SDImageCache.m in Sources */ = {isa = PBXBuildFile; fileRef = 413E03E619138A840059CE09 /* SDImageCache.m */; };
		413E040119138A840059CE09 /* SDWebImageCompat.m in Sources */ = {isa = PBXBuildFile; fileRef = 413E03E819138A840059CE09 /* SDWebImageCompat.m */; };
		413E040219138A840059CE09 /* SDWebImageDecoder.m in Sources */ = {isa = PBXBuildFile; fileRef = 413E03EA19138A840059CE09 /* SDWebImageDecoder.m */; };
		413E040319138A840059CE09 /* SDWebImageDownloader.m in Sources */ = {isa = PBXBuildFile; fileRef = 413E03EC19138A840059CE09 /* SDWebImageDownloader.m */; };
		413E040419138A840059CE09 /* SDWebImageDownloaderOperation.m in Sources */ = {isa = PBXBuildFile; fileRef = 413E03EE19138A840059CE09 /* SDWebImageDownloaderOperation.m */; };
		413E040519138A840059CE09 /* SDWebImageManager.m in Sources */ = {isa = PBXBuildFile; fileRef = 413E03F019138A840059CE09 /* SDWebImageManager.m */; };
		413E040619138A840059CE09 /* SDWebImagePrefetcher.m in Sources */ = {isa = PBXBuildFile; fileRef = 413E03F319138A840059CE09 /* SDWebImagePrefetcher.m */; };
		413E040719138A840059CE09 /* UIButton+WebCache.m in Sources */ = {isa = PBXBuildFile; fileRef = 413E03F519138A840059CE09 /* UIButton+WebCache.m */; };
		413E040819138A840059CE09 /* UIImage+GIF.m in Sources */ = {isa = PBXBuildFile; fileRef = 413E03F719138A840059CE09 /* UIImage+GIF.m */; };
		413E040919138A840059CE09 /* UIImage+MultiFormat.m in Sources */ = {isa = PBXBuildFile; fileRef = 413E03F919138A840059CE09 /* UIImage+MultiFormat.m */; };
		413E040A19138A840059CE09 /* UIImage+WebP.m in Sources */ = {isa = PBXBuildFile; fileRef = 413E03FB19138A840059CE09 /* UIImage+WebP.m */; };
		413E040B19138A840059CE09 /* UIImageView+WebCache.m in Sources */ = {isa = PBXBuildFile; fileRef = 413E03FD19138A840059CE09 /* UIImageView+WebCache.m */; };
		413E040E19138C7F0059CE09 /* CustomButton.m in Sources */ = {isa = PBXBuildFile; fileRef = 413E040D19138C7F0059CE09 /* CustomButton.m */; };
		413E041319138D6B0059CE09 /* FriendListCell.m in Sources */ = {isa = PBXBuildFile; fileRef = 413E041119138D6B0059CE09 /* FriendListCell.m */; };
		413E041419138D6B0059CE09 /* FriendListCell.xib in Resources */ = {isa = PBXBuildFile; fileRef = 413E041219138D6B0059CE09 /* FriendListCell.xib */; };
		413E041719138FD40059CE09 /* CustomTableViewCell.m in Sources */ = {isa = PBXBuildFile; fileRef = 413E041619138FD40059CE09 /* CustomTableViewCell.m */; };
		413E041A1913A1B30059CE09 /* Helper.m in Sources */ = {isa = PBXBuildFile; fileRef = 413E04191913A1B30059CE09 /* Helper.m */; };
		4158BC1B193915EE00B1A82A /* Parse.framework in Frameworks */ = {isa = PBXBuildFile; fileRef = 4158BC1A193915EE00B1A82A /* Parse.framework */; };
		4158BC1D1939161000B1A82A /* AudioToolbox.framework in Frameworks */ = {isa = PBXBuildFile; fileRef = 4158BC1C1939161000B1A82A /* AudioToolbox.framework */; };
		4158BC1F1939161700B1A82A /* CFNetwork.framework in Frameworks */ = {isa = PBXBuildFile; fileRef = 4158BC1E1939161700B1A82A /* CFNetwork.framework */; };
		4158BC211939162400B1A82A /* CoreLocation.framework in Frameworks */ = {isa = PBXBuildFile; fileRef = 4158BC201939162400B1A82A /* CoreLocation.framework */; };
		4158BC231939162D00B1A82A /* libz.dylib in Frameworks */ = {isa = PBXBuildFile; fileRef = 4158BC221939162D00B1A82A /* libz.dylib */; };
		4158BC251939163A00B1A82A /* MobileCoreServices.framework in Frameworks */ = {isa = PBXBuildFile; fileRef = 4158BC241939163A00B1A82A /* MobileCoreServices.framework */; };
		4158BC271939164200B1A82A /* Security.framework in Frameworks */ = {isa = PBXBuildFile; fileRef = 4158BC261939164200B1A82A /* Security.framework */; };
		4158BC291939164C00B1A82A /* QuartzCore.framework in Frameworks */ = {isa = PBXBuildFile; fileRef = 4158BC281939164C00B1A82A /* QuartzCore.framework */; };
		4158BC2B1939165500B1A82A /* StoreKit.framework in Frameworks */ = {isa = PBXBuildFile; fileRef = 4158BC2A1939165500B1A82A /* StoreKit.framework */; };
		4158BC2D1939165C00B1A82A /* SystemConfiguration.framework in Frameworks */ = {isa = PBXBuildFile; fileRef = 4158BC2C1939165C00B1A82A /* SystemConfiguration.framework */; };
		4158BC2F193916EF00B1A82A /* FacebookSDK.framework in Frameworks */ = {isa = PBXBuildFile; fileRef = 4158BC2E193916EF00B1A82A /* FacebookSDK.framework */; };
		4158BC31193917C700B1A82A /* Social.framework in Frameworks */ = {isa = PBXBuildFile; fileRef = 4158BC30193917C700B1A82A /* Social.framework */; };
		4158BC34193918AF00B1A82A /* ParseClient.m in Sources */ = {isa = PBXBuildFile; fileRef = 4158BC33193918AF00B1A82A /* ParseClient.m */; };
		418BBC70192FF8C70033BD3B /* Roboto-Bold.ttf in Resources */ = {isa = PBXBuildFile; fileRef = 418BBC6D192FF8C70033BD3B /* Roboto-Bold.ttf */; };
		418BBC71192FF8C70033BD3B /* Roboto-Light.ttf in Resources */ = {isa = PBXBuildFile; fileRef = 418BBC6E192FF8C70033BD3B /* Roboto-Light.ttf */; };
		418BBC72192FF8C70033BD3B /* Roboto-Medium.ttf in Resources */ = {isa = PBXBuildFile; fileRef = 418BBC6F192FF8C70033BD3B /* Roboto-Medium.ttf */; };
		418BBC75192FFD720033BD3B /* FriendCollectionViewFlowLayout.m in Sources */ = {isa = PBXBuildFile; fileRef = 418BBC74192FFD720033BD3B /* FriendCollectionViewFlowLayout.m */; };
		419ADD2719115E0700CD1443 /* FacebookHandler.m in Sources */ = {isa = PBXBuildFile; fileRef = 419ADD2619115E0700CD1443 /* FacebookHandler.m */; };
		419ADD30191160E700CD1443 /* LoginViewController.m in Sources */ = {isa = PBXBuildFile; fileRef = 419ADD2E191160E700CD1443 /* LoginViewController.m */; };
		419ADD31191160E700CD1443 /* LoginViewController.xib in Resources */ = {isa = PBXBuildFile; fileRef = 419ADD2F191160E700CD1443 /* LoginViewController.xib */; };
		419ADD341912768900CD1443 /* CustomViewController.m in Sources */ = {isa = PBXBuildFile; fileRef = 419ADD331912768900CD1443 /* CustomViewController.m */; };
		419ADD371912846100CD1443 /* ProfilePictureImageView.m in Sources */ = {isa = PBXBuildFile; fileRef = 419ADD361912846100CD1443 /* ProfilePictureImageView.m */; };
		419ADD3A1912889300CD1443 /* SignUpInformationView.m in Sources */ = {isa = PBXBuildFile; fileRef = 419ADD391912889300CD1443 /* SignUpInformationView.m */; };
		419ADD3C191289B800CD1443 /* SignUpInformationView.xib in Resources */ = {isa = PBXBuildFile; fileRef = 419ADD3B191289B800CD1443 /* SignUpInformationView.xib */; };
		41C3CDE1191E0815004FFED5 /* HeroHeaderView.m in Sources */ = {isa = PBXBuildFile; fileRef = 41C3CDE0191E0815004FFED5 /* HeroHeaderView.m */; };
		41C3CDE3191E0836004FFED5 /* HeroHeaderView.xib in Resources */ = {isa = PBXBuildFile; fileRef = 41C3CDE2191E0835004FFED5 /* HeroHeaderView.xib */; };
		41C3CDE6191E0B3F004FFED5 /* NSDate-Utilities.m in Sources */ = {isa = PBXBuildFile; fileRef = 41C3CDE5191E0B3F004FFED5 /* NSDate-Utilities.m */; };
		41C3CDEB191ED2A2004FFED5 /* CreateActivityViewController.m in Sources */ = {isa = PBXBuildFile; fileRef = 41C3CDE9191ED2A2004FFED5 /* CreateActivityViewController.m */; };
		41C3CDEC191ED2A2004FFED5 /* CreateActivityViewController.xib in Resources */ = {isa = PBXBuildFile; fileRef = 41C3CDEA191ED2A2004FFED5 /* CreateActivityViewController.xib */; };
		4554C6D91924E1BA00AE5712 /* FriendsPicker.m in Sources */ = {isa = PBXBuildFile; fileRef = 4554C6D81924E1BA00AE5712 /* FriendsPicker.m */; };
		4554C6DC1924E6C300AE5712 /* FriendCollectionViewCell.m in Sources */ = {isa = PBXBuildFile; fileRef = 4554C6DB1924E6C300AE5712 /* FriendCollectionViewCell.m */; };
		4554C6DE1924E6DB00AE5712 /* FriendCollectionViewCell.xib in Resources */ = {isa = PBXBuildFile; fileRef = 4554C6DD1924E6DB00AE5712 /* FriendCollectionViewCell.xib */; };
		45E1CF071921397D00F3FC56 /* ActivityCategoryPickerView.m in Sources */ = {isa = PBXBuildFile; fileRef = 45E1CF061921397D00F3FC56 /* ActivityCategoryPickerView.m */; };
		45E1CF0B19213BA800F3FC56 /* CategoryItemView.m in Sources */ = {isa = PBXBuildFile; fileRef = 45E1CF0A19213BA800F3FC56 /* CategoryItemView.m */; };
		45F630111922BE9D00AFA5D0 /* API.m in Sources */ = {isa = PBXBuildFile; fileRef = 45F630101922BE9D00AFA5D0 /* API.m */; };
		45F630261922C00400AFA5D0 /* AFHTTPClient.m in Sources */ = {isa = PBXBuildFile; fileRef = 45F630141922C00400AFA5D0 /* AFHTTPClient.m */; };
		45F630271922C00400AFA5D0 /* AFHTTPRequestOperation.m in Sources */ = {isa = PBXBuildFile; fileRef = 45F630161922C00400AFA5D0 /* AFHTTPRequestOperation.m */; };
		45F630281922C00400AFA5D0 /* AFImageRequestOperation.m in Sources */ = {isa = PBXBuildFile; fileRef = 45F630181922C00400AFA5D0 /* AFImageRequestOperation.m */; };
		45F630291922C00400AFA5D0 /* AFJSONRequestOperation.m in Sources */ = {isa = PBXBuildFile; fileRef = 45F6301A1922C00400AFA5D0 /* AFJSONRequestOperation.m */; };
		45F6302A1922C00400AFA5D0 /* AFNetworkActivityIndicatorManager.m in Sources */ = {isa = PBXBuildFile; fileRef = 45F6301C1922C00400AFA5D0 /* AFNetworkActivityIndicatorManager.m */; };
		45F6302B1922C00400AFA5D0 /* AFPropertyListRequestOperation.m in Sources */ = {isa = PBXBuildFile; fileRef = 45F6301F1922C00400AFA5D0 /* AFPropertyListRequestOperation.m */; };
		45F6302C1922C00400AFA5D0 /* AFURLConnectionOperation.m in Sources */ = {isa = PBXBuildFile; fileRef = 45F630211922C00400AFA5D0 /* AFURLConnectionOperation.m */; };
		45F6302D1922C00400AFA5D0 /* AFXMLRequestOperation.m in Sources */ = {isa = PBXBuildFile; fileRef = 45F630231922C00400AFA5D0 /* AFXMLRequestOperation.m */; };
		45F6302E1922C00400AFA5D0 /* UIImageView+AFNetworking.m in Sources */ = {isa = PBXBuildFile; fileRef = 45F630251922C00400AFA5D0 /* UIImageView+AFNetworking.m */; };
/* End PBXBuildFile section */

/* Begin PBXContainerItemProxy section */
		413C3A43190DCC76005A9D51 /* PBXContainerItemProxy */ = {
			isa = PBXContainerItemProxy;
			containerPortal = 413C3A15190DCC76005A9D51 /* Project object */;
			proxyType = 1;
			remoteGlobalIDString = 413C3A1C190DCC76005A9D51;
			remoteInfo = DoStuff;
		};
/* End PBXContainerItemProxy section */

/* Begin PBXFileReference section */
		41044657191EE9AB00634088 /* DatePickerView.h */ = {isa = PBXFileReference; fileEncoding = 4; lastKnownFileType = sourcecode.c.h; path = DatePickerView.h; sourceTree = "<group>"; };
		41044658191EE9AB00634088 /* DatePickerView.m */ = {isa = PBXFileReference; fileEncoding = 4; lastKnownFileType = sourcecode.c.objc; path = DatePickerView.m; sourceTree = "<group>"; };
		41044659191EE9AB00634088 /* DatePickerView.xib */ = {isa = PBXFileReference; fileEncoding = 4; lastKnownFileType = file.xib; path = DatePickerView.xib; sourceTree = "<group>"; };
		4104465E19200B5500634088 /* CategoryPickerView.h */ = {isa = PBXFileReference; fileEncoding = 4; lastKnownFileType = sourcecode.c.h; path = CategoryPickerView.h; sourceTree = "<group>"; };
		4104465F19200B5500634088 /* CategoryPickerView.m */ = {isa = PBXFileReference; fileEncoding = 4; lastKnownFileType = sourcecode.c.objc; path = CategoryPickerView.m; sourceTree = "<group>"; };
		410FFF6A1919401C00BDCD5F /* CustomTabBarController.h */ = {isa = PBXFileReference; fileEncoding = 4; lastKnownFileType = sourcecode.c.h; path = CustomTabBarController.h; sourceTree = "<group>"; };
		410FFF6B1919401C00BDCD5F /* CustomTabBarController.m */ = {isa = PBXFileReference; fileEncoding = 4; lastKnownFileType = sourcecode.c.objc; path = CustomTabBarController.m; sourceTree = "<group>"; };
		410FFF6C1919401C00BDCD5F /* CustomTabBarController.xib */ = {isa = PBXFileReference; fileEncoding = 4; lastKnownFileType = file.xib; path = CustomTabBarController.xib; sourceTree = "<group>"; };
		410FFF701919421500BDCD5F /* CustomNavigationController.h */ = {isa = PBXFileReference; fileEncoding = 4; lastKnownFileType = sourcecode.c.h; path = CustomNavigationController.h; sourceTree = "<group>"; };
		410FFF711919421500BDCD5F /* CustomNavigationController.m */ = {isa = PBXFileReference; fileEncoding = 4; lastKnownFileType = sourcecode.c.objc; path = CustomNavigationController.m; sourceTree = "<group>"; };
		410FFF9B191AB57B00BDCD5F /* HeroCell.h */ = {isa = PBXFileReference; fileEncoding = 4; lastKnownFileType = sourcecode.c.h; path = HeroCell.h; sourceTree = "<group>"; };
		410FFF9C191AB57B00BDCD5F /* HeroCell.m */ = {isa = PBXFileReference; fileEncoding = 4; lastKnownFileType = sourcecode.c.objc; path = HeroCell.m; sourceTree = "<group>"; };
		410FFF9D191AB57B00BDCD5F /* HeroCell.xib */ = {isa = PBXFileReference; fileEncoding = 4; lastKnownFileType = file.xib; path = HeroCell.xib; sourceTree = "<group>"; };
		410FFFA0191AB94900BDCD5F /* DataFactory.h */ = {isa = PBXFileReference; fileEncoding = 4; lastKnownFileType = sourcecode.c.h; path = DataFactory.h; sourceTree = "<group>"; };
		410FFFA1191AB94900BDCD5F /* DataFactory.m */ = {isa = PBXFileReference; fileEncoding = 4; lastKnownFileType = sourcecode.c.objc; path = DataFactory.m; sourceTree = "<group>"; };
		410FFFAC191AB9C800BDCD5F /* Activity.h */ = {isa = PBXFileReference; fileEncoding = 4; lastKnownFileType = sourcecode.c.h; path = Activity.h; sourceTree = "<group>"; };
		410FFFAD191AB9C800BDCD5F /* Activity.m */ = {isa = PBXFileReference; fileEncoding = 4; lastKnownFileType = sourcecode.c.objc; path = Activity.m; sourceTree = "<group>"; };
		410FFFDE191BE30C00BDCD5F /* ActivityCategory.h */ = {isa = PBXFileReference; fileEncoding = 4; lastKnownFileType = sourcecode.c.h; path = ActivityCategory.h; sourceTree = "<group>"; };
		410FFFDF191BE30C00BDCD5F /* ActivityCategory.m */ = {isa = PBXFileReference; fileEncoding = 4; lastKnownFileType = sourcecode.c.objc; path = ActivityCategory.m; sourceTree = "<group>"; };
		410FFFE1191BE33F00BDCD5F /* ActivityCategoryDAO.h */ = {isa = PBXFileReference; fileEncoding = 4; lastKnownFileType = sourcecode.c.h; path = ActivityCategoryDAO.h; sourceTree = "<group>"; };
		410FFFE2191BE33F00BDCD5F /* ActivityCategoryDAO.m */ = {isa = PBXFileReference; fileEncoding = 4; lastKnownFileType = sourcecode.c.objc; path = ActivityCategoryDAO.m; sourceTree = "<group>"; };
		410FFFE4191BE5B500BDCD5F /* ActivityDAO.h */ = {isa = PBXFileReference; fileEncoding = 4; lastKnownFileType = sourcecode.c.h; path = ActivityDAO.h; sourceTree = "<group>"; };
		410FFFE5191BE5B500BDCD5F /* ActivityDAO.m */ = {isa = PBXFileReference; fileEncoding = 4; lastKnownFileType = sourcecode.c.objc; path = ActivityDAO.m; sourceTree = "<group>"; };
		413C3A1D190DCC76005A9D51 /* DoStuff.app */ = {isa = PBXFileReference; explicitFileType = wrapper.application; includeInIndex = 0; path = DoStuff.app; sourceTree = BUILT_PRODUCTS_DIR; };
		413C3A20190DCC76005A9D51 /* Foundation.framework */ = {isa = PBXFileReference; lastKnownFileType = wrapper.framework; name = Foundation.framework; path = System/Library/Frameworks/Foundation.framework; sourceTree = SDKROOT; };
		413C3A22190DCC76005A9D51 /* CoreGraphics.framework */ = {isa = PBXFileReference; lastKnownFileType = wrapper.framework; name = CoreGraphics.framework; path = System/Library/Frameworks/CoreGraphics.framework; sourceTree = SDKROOT; };
		413C3A24190DCC76005A9D51 /* UIKit.framework */ = {isa = PBXFileReference; lastKnownFileType = wrapper.framework; name = UIKit.framework; path = System/Library/Frameworks/UIKit.framework; sourceTree = SDKROOT; };
		413C3A26190DCC76005A9D51 /* CoreData.framework */ = {isa = PBXFileReference; lastKnownFileType = wrapper.framework; name = CoreData.framework; path = System/Library/Frameworks/CoreData.framework; sourceTree = SDKROOT; };
		413C3A2A190DCC76005A9D51 /* DoStuff-Info.plist */ = {isa = PBXFileReference; lastKnownFileType = text.plist.xml; path = "DoStuff-Info.plist"; sourceTree = "<group>"; };
		413C3A2C190DCC76005A9D51 /* en */ = {isa = PBXFileReference; lastKnownFileType = text.plist.strings; name = en; path = en.lproj/InfoPlist.strings; sourceTree = "<group>"; };
		413C3A2E190DCC76005A9D51 /* main.m */ = {isa = PBXFileReference; lastKnownFileType = sourcecode.c.objc; path = main.m; sourceTree = "<group>"; };
		413C3A30190DCC76005A9D51 /* DoStuff-Prefix.pch */ = {isa = PBXFileReference; lastKnownFileType = sourcecode.c.h; path = "DoStuff-Prefix.pch"; sourceTree = "<group>"; };
		413C3A31190DCC76005A9D51 /* AppDelegate.h */ = {isa = PBXFileReference; lastKnownFileType = sourcecode.c.h; path = AppDelegate.h; sourceTree = "<group>"; };
		413C3A32190DCC76005A9D51 /* AppDelegate.m */ = {isa = PBXFileReference; lastKnownFileType = sourcecode.c.objc; path = AppDelegate.m; sourceTree = "<group>"; };
		413C3A35190DCC76005A9D51 /* DoStuff.xcdatamodel */ = {isa = PBXFileReference; lastKnownFileType = wrapper.xcdatamodel; path = DoStuff.xcdatamodel; sourceTree = "<group>"; };
		413C3A37190DCC76005A9D51 /* Images.xcassets */ = {isa = PBXFileReference; lastKnownFileType = folder.assetcatalog; path = Images.xcassets; sourceTree = "<group>"; };
		413C3A3D190DCC76005A9D51 /* DoStuffTests.xctest */ = {isa = PBXFileReference; explicitFileType = wrapper.cfbundle; includeInIndex = 0; path = DoStuffTests.xctest; sourceTree = BUILT_PRODUCTS_DIR; };
		413C3A3E190DCC76005A9D51 /* XCTest.framework */ = {isa = PBXFileReference; lastKnownFileType = wrapper.framework; name = XCTest.framework; path = Library/Frameworks/XCTest.framework; sourceTree = DEVELOPER_DIR; };
		413C3A47190DCC76005A9D51 /* DoStuffTests-Info.plist */ = {isa = PBXFileReference; lastKnownFileType = text.plist.xml; path = "DoStuffTests-Info.plist"; sourceTree = "<group>"; };
		413C3A49190DCC76005A9D51 /* en */ = {isa = PBXFileReference; lastKnownFileType = text.plist.strings; name = en; path = en.lproj/InfoPlist.strings; sourceTree = "<group>"; };
		413C3A4B190DCC76005A9D51 /* DoStuffTests.m */ = {isa = PBXFileReference; lastKnownFileType = sourcecode.c.objc; path = DoStuffTests.m; sourceTree = "<group>"; };
		413C3A56190DCCD7005A9D51 /* SetupViewController.h */ = {isa = PBXFileReference; fileEncoding = 4; lastKnownFileType = sourcecode.c.h; path = SetupViewController.h; sourceTree = "<group>"; };
		413C3A57190DCCD7005A9D51 /* SetupViewController.m */ = {isa = PBXFileReference; fileEncoding = 4; lastKnownFileType = sourcecode.c.objc; path = SetupViewController.m; sourceTree = "<group>"; };
		413C3A58190DCCD7005A9D51 /* SetupViewController.xib */ = {isa = PBXFileReference; fileEncoding = 4; lastKnownFileType = file.xib; path = SetupViewController.xib; sourceTree = "<group>"; };
		413C3A5B190DCE52005A9D51 /* GreetingsView.h */ = {isa = PBXFileReference; fileEncoding = 4; lastKnownFileType = sourcecode.c.h; path = GreetingsView.h; sourceTree = "<group>"; };
		413C3A5C190DCE52005A9D51 /* GreetingsView.m */ = {isa = PBXFileReference; fileEncoding = 4; lastKnownFileType = sourcecode.c.objc; path = GreetingsView.m; sourceTree = "<group>"; };
		413C3A5E190DCE65005A9D51 /* GreetingsView.xib */ = {isa = PBXFileReference; fileEncoding = 4; lastKnownFileType = file.xib; path = GreetingsView.xib; sourceTree = "<group>"; };
		413C3A61190DCEBC005A9D51 /* CustomLabel.h */ = {isa = PBXFileReference; fileEncoding = 4; lastKnownFileType = sourcecode.c.h; path = CustomLabel.h; sourceTree = "<group>"; };
		413C3A62190DCEBC005A9D51 /* CustomLabel.m */ = {isa = PBXFileReference; fileEncoding = 4; lastKnownFileType = sourcecode.c.objc; path = CustomLabel.m; sourceTree = "<group>"; };
		413C3A64190DCEFA005A9D51 /* ImportDataView.h */ = {isa = PBXFileReference; fileEncoding = 4; lastKnownFileType = sourcecode.c.h; path = ImportDataView.h; sourceTree = "<group>"; };
		413C3A65190DCEFA005A9D51 /* ImportDataView.m */ = {isa = PBXFileReference; fileEncoding = 4; lastKnownFileType = sourcecode.c.objc; path = ImportDataView.m; sourceTree = "<group>"; };
		413C3A67190DCF1A005A9D51 /* ImportDataView.xib */ = {isa = PBXFileReference; fileEncoding = 4; lastKnownFileType = file.xib; path = ImportDataView.xib; sourceTree = "<group>"; };
		413C3A6B190DD15E005A9D51 /* UIView+Frame.h */ = {isa = PBXFileReference; fileEncoding = 4; lastKnownFileType = sourcecode.c.h; path = "UIView+Frame.h"; sourceTree = "<group>"; };
		413C3A6C190DD15E005A9D51 /* UIView+Frame.m */ = {isa = PBXFileReference; fileEncoding = 4; lastKnownFileType = sourcecode.c.objc; path = "UIView+Frame.m"; sourceTree = "<group>"; };
		413C3A70190DD476005A9D51 /* DoStuffProperties.h */ = {isa = PBXFileReference; lastKnownFileType = sourcecode.c.h; path = DoStuffProperties.h; sourceTree = "<group>"; };
		413E03B519136F930059CE09 /* HeroViewController.h */ = {isa = PBXFileReference; fileEncoding = 4; lastKnownFileType = sourcecode.c.h; path = HeroViewController.h; sourceTree = "<group>"; };
		413E03B619136F930059CE09 /* HeroViewController.m */ = {isa = PBXFileReference; fileEncoding = 4; lastKnownFileType = sourcecode.c.objc; path = HeroViewController.m; sourceTree = "<group>"; };
		413E03B719136F930059CE09 /* HeroViewController.xib */ = {isa = PBXFileReference; fileEncoding = 4; lastKnownFileType = file.xib; path = HeroViewController.xib; sourceTree = "<group>"; };
		413E03BA19136FA30059CE09 /* FriendsListViewController.h */ = {isa = PBXFileReference; fileEncoding = 4; lastKnownFileType = sourcecode.c.h; path = FriendsListViewController.h; sourceTree = "<group>"; };
		413E03BB19136FA30059CE09 /* FriendsListViewController.m */ = {isa = PBXFileReference; fileEncoding = 4; lastKnownFileType = sourcecode.c.objc; path = FriendsListViewController.m; sourceTree = "<group>"; };
		413E03BC19136FA30059CE09 /* FriendsListViewController.xib */ = {isa = PBXFileReference; fileEncoding = 4; lastKnownFileType = file.xib; path = FriendsListViewController.xib; sourceTree = "<group>"; };
		413E03C7191373D90059CE09 /* BaseDAO.h */ = {isa = PBXFileReference; fileEncoding = 4; lastKnownFileType = sourcecode.c.h; path = BaseDAO.h; sourceTree = "<group>"; };
		413E03C8191373D90059CE09 /* BaseDAO.m */ = {isa = PBXFileReference; fileEncoding = 4; lastKnownFileType = sourcecode.c.objc; path = BaseDAO.m; sourceTree = "<group>"; };
		413E03CA1913741B0059CE09 /* UserDAO.h */ = {isa = PBXFileReference; fileEncoding = 4; lastKnownFileType = sourcecode.c.h; path = UserDAO.h; sourceTree = "<group>"; };
		413E03CB1913741B0059CE09 /* UserDAO.m */ = {isa = PBXFileReference; fileEncoding = 4; lastKnownFileType = sourcecode.c.objc; path = UserDAO.m; sourceTree = "<group>"; };
		413E03CD1913787B0059CE09 /* DataManager.h */ = {isa = PBXFileReference; fileEncoding = 4; lastKnownFileType = sourcecode.c.h; path = DataManager.h; sourceTree = "<group>"; };
		413E03CE1913787B0059CE09 /* DataManager.m */ = {isa = PBXFileReference; fileEncoding = 4; lastKnownFileType = sourcecode.c.objc; path = DataManager.m; sourceTree = "<group>"; };
		413E03D319137D5F0059CE09 /* ProfileDAO.h */ = {isa = PBXFileReference; fileEncoding = 4; lastKnownFileType = sourcecode.c.h; path = ProfileDAO.h; sourceTree = "<group>"; };
		413E03D419137D5F0059CE09 /* ProfileDAO.m */ = {isa = PBXFileReference; fileEncoding = 4; lastKnownFileType = sourcecode.c.objc; path = ProfileDAO.m; sourceTree = "<group>"; };
		413E03D6191380ED0059CE09 /* BaseModel.h */ = {isa = PBXFileReference; fileEncoding = 4; lastKnownFileType = sourcecode.c.h; path = BaseModel.h; sourceTree = "<group>"; };
		413E03D7191380ED0059CE09 /* BaseModel.m */ = {isa = PBXFileReference; fileEncoding = 4; lastKnownFileType = sourcecode.c.objc; path = BaseModel.m; sourceTree = "<group>"; };
		413E03D9191382670059CE09 /* User.h */ = {isa = PBXFileReference; fileEncoding = 4; lastKnownFileType = sourcecode.c.h; path = User.h; sourceTree = "<group>"; };
		413E03DA191382670059CE09 /* User.m */ = {isa = PBXFileReference; fileEncoding = 4; lastKnownFileType = sourcecode.c.objc; path = User.m; sourceTree = "<group>"; };
		413E03DC191382670059CE09 /* Profile.h */ = {isa = PBXFileReference; fileEncoding = 4; lastKnownFileType = sourcecode.c.h; path = Profile.h; sourceTree = "<group>"; };
		413E03DD191382670059CE09 /* Profile.m */ = {isa = PBXFileReference; fileEncoding = 4; lastKnownFileType = sourcecode.c.objc; path = Profile.m; sourceTree = "<group>"; };
		413E03E119138A840059CE09 /* MKAnnotationView+WebCache.h */ = {isa = PBXFileReference; fileEncoding = 4; lastKnownFileType = sourcecode.c.h; path = "MKAnnotationView+WebCache.h"; sourceTree = "<group>"; };
		413E03E219138A840059CE09 /* MKAnnotationView+WebCache.m */ = {isa = PBXFileReference; fileEncoding = 4; lastKnownFileType = sourcecode.c.objc; path = "MKAnnotationView+WebCache.m"; sourceTree = "<group>"; };
		413E03E319138A840059CE09 /* NSData+ImageContentType.h */ = {isa = PBXFileReference; fileEncoding = 4; lastKnownFileType = sourcecode.c.h; path = "NSData+ImageContentType.h"; sourceTree = "<group>"; };
		413E03E419138A840059CE09 /* NSData+ImageContentType.m */ = {isa = PBXFileReference; fileEncoding = 4; lastKnownFileType = sourcecode.c.objc; path = "NSData+ImageContentType.m"; sourceTree = "<group>"; };
		413E03E519138A840059CE09 /* SDImageCache.h */ = {isa = PBXFileReference; fileEncoding = 4; lastKnownFileType = sourcecode.c.h; path = SDImageCache.h; sourceTree = "<group>"; };
		413E03E619138A840059CE09 /* SDImageCache.m */ = {isa = PBXFileReference; fileEncoding = 4; lastKnownFileType = sourcecode.c.objc; path = SDImageCache.m; sourceTree = "<group>"; };
		413E03E719138A840059CE09 /* SDWebImageCompat.h */ = {isa = PBXFileReference; fileEncoding = 4; lastKnownFileType = sourcecode.c.h; path = SDWebImageCompat.h; sourceTree = "<group>"; };
		413E03E819138A840059CE09 /* SDWebImageCompat.m */ = {isa = PBXFileReference; fileEncoding = 4; lastKnownFileType = sourcecode.c.objc; path = SDWebImageCompat.m; sourceTree = "<group>"; };
		413E03E919138A840059CE09 /* SDWebImageDecoder.h */ = {isa = PBXFileReference; fileEncoding = 4; lastKnownFileType = sourcecode.c.h; path = SDWebImageDecoder.h; sourceTree = "<group>"; };
		413E03EA19138A840059CE09 /* SDWebImageDecoder.m */ = {isa = PBXFileReference; fileEncoding = 4; lastKnownFileType = sourcecode.c.objc; path = SDWebImageDecoder.m; sourceTree = "<group>"; };
		413E03EB19138A840059CE09 /* SDWebImageDownloader.h */ = {isa = PBXFileReference; fileEncoding = 4; lastKnownFileType = sourcecode.c.h; path = SDWebImageDownloader.h; sourceTree = "<group>"; };
		413E03EC19138A840059CE09 /* SDWebImageDownloader.m */ = {isa = PBXFileReference; fileEncoding = 4; lastKnownFileType = sourcecode.c.objc; path = SDWebImageDownloader.m; sourceTree = "<group>"; };
		413E03ED19138A840059CE09 /* SDWebImageDownloaderOperation.h */ = {isa = PBXFileReference; fileEncoding = 4; lastKnownFileType = sourcecode.c.h; path = SDWebImageDownloaderOperation.h; sourceTree = "<group>"; };
		413E03EE19138A840059CE09 /* SDWebImageDownloaderOperation.m */ = {isa = PBXFileReference; fileEncoding = 4; lastKnownFileType = sourcecode.c.objc; path = SDWebImageDownloaderOperation.m; sourceTree = "<group>"; };
		413E03EF19138A840059CE09 /* SDWebImageManager.h */ = {isa = PBXFileReference; fileEncoding = 4; lastKnownFileType = sourcecode.c.h; path = SDWebImageManager.h; sourceTree = "<group>"; };
		413E03F019138A840059CE09 /* SDWebImageManager.m */ = {isa = PBXFileReference; fileEncoding = 4; lastKnownFileType = sourcecode.c.objc; path = SDWebImageManager.m; sourceTree = "<group>"; };
		413E03F119138A840059CE09 /* SDWebImageOperation.h */ = {isa = PBXFileReference; fileEncoding = 4; lastKnownFileType = sourcecode.c.h; path = SDWebImageOperation.h; sourceTree = "<group>"; };
		413E03F219138A840059CE09 /* SDWebImagePrefetcher.h */ = {isa = PBXFileReference; fileEncoding = 4; lastKnownFileType = sourcecode.c.h; path = SDWebImagePrefetcher.h; sourceTree = "<group>"; };
		413E03F319138A840059CE09 /* SDWebImagePrefetcher.m */ = {isa = PBXFileReference; fileEncoding = 4; lastKnownFileType = sourcecode.c.objc; path = SDWebImagePrefetcher.m; sourceTree = "<group>"; };
		413E03F419138A840059CE09 /* UIButton+WebCache.h */ = {isa = PBXFileReference; fileEncoding = 4; lastKnownFileType = sourcecode.c.h; path = "UIButton+WebCache.h"; sourceTree = "<group>"; };
		413E03F519138A840059CE09 /* UIButton+WebCache.m */ = {isa = PBXFileReference; fileEncoding = 4; lastKnownFileType = sourcecode.c.objc; path = "UIButton+WebCache.m"; sourceTree = "<group>"; };
		413E03F619138A840059CE09 /* UIImage+GIF.h */ = {isa = PBXFileReference; fileEncoding = 4; lastKnownFileType = sourcecode.c.h; path = "UIImage+GIF.h"; sourceTree = "<group>"; };
		413E03F719138A840059CE09 /* UIImage+GIF.m */ = {isa = PBXFileReference; fileEncoding = 4; lastKnownFileType = sourcecode.c.objc; path = "UIImage+GIF.m"; sourceTree = "<group>"; };
		413E03F819138A840059CE09 /* UIImage+MultiFormat.h */ = {isa = PBXFileReference; fileEncoding = 4; lastKnownFileType = sourcecode.c.h; path = "UIImage+MultiFormat.h"; sourceTree = "<group>"; };
		413E03F919138A840059CE09 /* UIImage+MultiFormat.m */ = {isa = PBXFileReference; fileEncoding = 4; lastKnownFileType = sourcecode.c.objc; path = "UIImage+MultiFormat.m"; sourceTree = "<group>"; };
		413E03FA19138A840059CE09 /* UIImage+WebP.h */ = {isa = PBXFileReference; fileEncoding = 4; lastKnownFileType = sourcecode.c.h; path = "UIImage+WebP.h"; sourceTree = "<group>"; };
		413E03FB19138A840059CE09 /* UIImage+WebP.m */ = {isa = PBXFileReference; fileEncoding = 4; lastKnownFileType = sourcecode.c.objc; path = "UIImage+WebP.m"; sourceTree = "<group>"; };
		413E03FC19138A840059CE09 /* UIImageView+WebCache.h */ = {isa = PBXFileReference; fileEncoding = 4; lastKnownFileType = sourcecode.c.h; path = "UIImageView+WebCache.h"; sourceTree = "<group>"; };
		413E03FD19138A840059CE09 /* UIImageView+WebCache.m */ = {isa = PBXFileReference; fileEncoding = 4; lastKnownFileType = sourcecode.c.objc; path = "UIImageView+WebCache.m"; sourceTree = "<group>"; };
		413E040C19138C7F0059CE09 /* CustomButton.h */ = {isa = PBXFileReference; fileEncoding = 4; lastKnownFileType = sourcecode.c.h; path = CustomButton.h; sourceTree = "<group>"; };
		413E040D19138C7F0059CE09 /* CustomButton.m */ = {isa = PBXFileReference; fileEncoding = 4; lastKnownFileType = sourcecode.c.objc; path = CustomButton.m; sourceTree = "<group>"; };
		413E041019138D6B0059CE09 /* FriendListCell.h */ = {isa = PBXFileReference; fileEncoding = 4; lastKnownFileType = sourcecode.c.h; path = FriendListCell.h; sourceTree = "<group>"; };
		413E041119138D6B0059CE09 /* FriendListCell.m */ = {isa = PBXFileReference; fileEncoding = 4; lastKnownFileType = sourcecode.c.objc; path = FriendListCell.m; sourceTree = "<group>"; };
		413E041219138D6B0059CE09 /* FriendListCell.xib */ = {isa = PBXFileReference; fileEncoding = 4; lastKnownFileType = file.xib; path = FriendListCell.xib; sourceTree = "<group>"; };
		413E041519138FD40059CE09 /* CustomTableViewCell.h */ = {isa = PBXFileReference; fileEncoding = 4; lastKnownFileType = sourcecode.c.h; path = CustomTableViewCell.h; sourceTree = "<group>"; };
		413E041619138FD40059CE09 /* CustomTableViewCell.m */ = {isa = PBXFileReference; fileEncoding = 4; lastKnownFileType = sourcecode.c.objc; path = CustomTableViewCell.m; sourceTree = "<group>"; };
		413E04181913A1B30059CE09 /* Helper.h */ = {isa = PBXFileReference; fileEncoding = 4; lastKnownFileType = sourcecode.c.h; path = Helper.h; sourceTree = "<group>"; };
		413E04191913A1B30059CE09 /* Helper.m */ = {isa = PBXFileReference; fileEncoding = 4; lastKnownFileType = sourcecode.c.objc; path = Helper.m; sourceTree = "<group>"; };
		4158BC1A193915EE00B1A82A /* Parse.framework */ = {isa = PBXFileReference; lastKnownFileType = wrapper.framework; path = Parse.framework; sourceTree = "<group>"; };
		4158BC1C1939161000B1A82A /* AudioToolbox.framework */ = {isa = PBXFileReference; lastKnownFileType = wrapper.framework; name = AudioToolbox.framework; path = System/Library/Frameworks/AudioToolbox.framework; sourceTree = SDKROOT; };
		4158BC1E1939161700B1A82A /* CFNetwork.framework */ = {isa = PBXFileReference; lastKnownFileType = wrapper.framework; name = CFNetwork.framework; path = System/Library/Frameworks/CFNetwork.framework; sourceTree = SDKROOT; };
		4158BC201939162400B1A82A /* CoreLocation.framework */ = {isa = PBXFileReference; lastKnownFileType = wrapper.framework; name = CoreLocation.framework; path = System/Library/Frameworks/CoreLocation.framework; sourceTree = SDKROOT; };
		4158BC221939162D00B1A82A /* libz.dylib */ = {isa = PBXFileReference; lastKnownFileType = "compiled.mach-o.dylib"; name = libz.dylib; path = usr/lib/libz.dylib; sourceTree = SDKROOT; };
		4158BC241939163A00B1A82A /* MobileCoreServices.framework */ = {isa = PBXFileReference; lastKnownFileType = wrapper.framework; name = MobileCoreServices.framework; path = System/Library/Frameworks/MobileCoreServices.framework; sourceTree = SDKROOT; };
		4158BC261939164200B1A82A /* Security.framework */ = {isa = PBXFileReference; lastKnownFileType = wrapper.framework; name = Security.framework; path = System/Library/Frameworks/Security.framework; sourceTree = SDKROOT; };
		4158BC281939164C00B1A82A /* QuartzCore.framework */ = {isa = PBXFileReference; lastKnownFileType = wrapper.framework; name = QuartzCore.framework; path = System/Library/Frameworks/QuartzCore.framework; sourceTree = SDKROOT; };
		4158BC2A1939165500B1A82A /* StoreKit.framework */ = {isa = PBXFileReference; lastKnownFileType = wrapper.framework; name = StoreKit.framework; path = System/Library/Frameworks/StoreKit.framework; sourceTree = SDKROOT; };
		4158BC2C1939165C00B1A82A /* SystemConfiguration.framework */ = {isa = PBXFileReference; lastKnownFileType = wrapper.framework; name = SystemConfiguration.framework; path = System/Library/Frameworks/SystemConfiguration.framework; sourceTree = SDKROOT; };
		4158BC2E193916EF00B1A82A /* FacebookSDK.framework */ = {isa = PBXFileReference; lastKnownFileType = wrapper.framework; name = FacebookSDK.framework; path = ../../../FacebookSDK/FacebookSDK.framework; sourceTree = "<group>"; };
		4158BC30193917C700B1A82A /* Social.framework */ = {isa = PBXFileReference; lastKnownFileType = wrapper.framework; name = Social.framework; path = System/Library/Frameworks/Social.framework; sourceTree = SDKROOT; };
		4158BC32193918AF00B1A82A /* ParseClient.h */ = {isa = PBXFileReference; fileEncoding = 4; lastKnownFileType = sourcecode.c.h; path = ParseClient.h; sourceTree = "<group>"; };
		4158BC33193918AF00B1A82A /* ParseClient.m */ = {isa = PBXFileReference; fileEncoding = 4; lastKnownFileType = sourcecode.c.objc; path = ParseClient.m; sourceTree = "<group>"; };
		418BBC6D192FF8C70033BD3B /* Roboto-Bold.ttf */ = {isa = PBXFileReference; lastKnownFileType = file; name = "Roboto-Bold.ttf"; path = "Resources/Fonts/Roboto-Bold.ttf"; sourceTree = "<group>"; };
		418BBC6E192FF8C70033BD3B /* Roboto-Light.ttf */ = {isa = PBXFileReference; lastKnownFileType = file; name = "Roboto-Light.ttf"; path = "Resources/Fonts/Roboto-Light.ttf"; sourceTree = "<group>"; };
		418BBC6F192FF8C70033BD3B /* Roboto-Medium.ttf */ = {isa = PBXFileReference; lastKnownFileType = file; name = "Roboto-Medium.ttf"; path = "Resources/Fonts/Roboto-Medium.ttf"; sourceTree = "<group>"; };
		418BBC73192FFD720033BD3B /* FriendCollectionViewFlowLayout.h */ = {isa = PBXFileReference; fileEncoding = 4; lastKnownFileType = sourcecode.c.h; path = FriendCollectionViewFlowLayout.h; sourceTree = "<group>"; };
		418BBC74192FFD720033BD3B /* FriendCollectionViewFlowLayout.m */ = {isa = PBXFileReference; fileEncoding = 4; lastKnownFileType = sourcecode.c.objc; path = FriendCollectionViewFlowLayout.m; sourceTree = "<group>"; };
		419ADD2519115E0700CD1443 /* FacebookHandler.h */ = {isa = PBXFileReference; fileEncoding = 4; lastKnownFileType = sourcecode.c.h; path = FacebookHandler.h; sourceTree = "<group>"; };
		419ADD2619115E0700CD1443 /* FacebookHandler.m */ = {isa = PBXFileReference; fileEncoding = 4; lastKnownFileType = sourcecode.c.objc; path = FacebookHandler.m; sourceTree = "<group>"; };
		419ADD2D191160E700CD1443 /* LoginViewController.h */ = {isa = PBXFileReference; fileEncoding = 4; lastKnownFileType = sourcecode.c.h; path = LoginViewController.h; sourceTree = "<group>"; };
		419ADD2E191160E700CD1443 /* LoginViewController.m */ = {isa = PBXFileReference; fileEncoding = 4; lastKnownFileType = sourcecode.c.objc; path = LoginViewController.m; sourceTree = "<group>"; };
		419ADD2F191160E700CD1443 /* LoginViewController.xib */ = {isa = PBXFileReference; fileEncoding = 4; lastKnownFileType = file.xib; path = LoginViewController.xib; sourceTree = "<group>"; };
		419ADD321912768900CD1443 /* CustomViewController.h */ = {isa = PBXFileReference; fileEncoding = 4; lastKnownFileType = sourcecode.c.h; path = CustomViewController.h; sourceTree = "<group>"; };
		419ADD331912768900CD1443 /* CustomViewController.m */ = {isa = PBXFileReference; fileEncoding = 4; lastKnownFileType = sourcecode.c.objc; path = CustomViewController.m; sourceTree = "<group>"; };
		419ADD351912846100CD1443 /* ProfilePictureImageView.h */ = {isa = PBXFileReference; fileEncoding = 4; lastKnownFileType = sourcecode.c.h; path = ProfilePictureImageView.h; sourceTree = "<group>"; };
		419ADD361912846100CD1443 /* ProfilePictureImageView.m */ = {isa = PBXFileReference; fileEncoding = 4; lastKnownFileType = sourcecode.c.objc; path = ProfilePictureImageView.m; sourceTree = "<group>"; };
		419ADD381912889300CD1443 /* SignUpInformationView.h */ = {isa = PBXFileReference; fileEncoding = 4; lastKnownFileType = sourcecode.c.h; path = SignUpInformationView.h; sourceTree = "<group>"; };
		419ADD391912889300CD1443 /* SignUpInformationView.m */ = {isa = PBXFileReference; fileEncoding = 4; lastKnownFileType = sourcecode.c.objc; path = SignUpInformationView.m; sourceTree = "<group>"; };
		419ADD3B191289B800CD1443 /* SignUpInformationView.xib */ = {isa = PBXFileReference; fileEncoding = 4; lastKnownFileType = file.xib; path = SignUpInformationView.xib; sourceTree = "<group>"; };
		41C3CDDF191E0815004FFED5 /* HeroHeaderView.h */ = {isa = PBXFileReference; fileEncoding = 4; lastKnownFileType = sourcecode.c.h; path = HeroHeaderView.h; sourceTree = "<group>"; };
		41C3CDE0191E0815004FFED5 /* HeroHeaderView.m */ = {isa = PBXFileReference; fileEncoding = 4; lastKnownFileType = sourcecode.c.objc; path = HeroHeaderView.m; sourceTree = "<group>"; };
		41C3CDE2191E0835004FFED5 /* HeroHeaderView.xib */ = {isa = PBXFileReference; fileEncoding = 4; lastKnownFileType = file.xib; path = HeroHeaderView.xib; sourceTree = "<group>"; };
		41C3CDE4191E0B3F004FFED5 /* NSDate-Utilities.h */ = {isa = PBXFileReference; fileEncoding = 4; lastKnownFileType = sourcecode.c.h; name = "NSDate-Utilities.h"; path = "Vendor/NSDate-Utilities.h"; sourceTree = "<group>"; };
		41C3CDE5191E0B3F004FFED5 /* NSDate-Utilities.m */ = {isa = PBXFileReference; fileEncoding = 4; lastKnownFileType = sourcecode.c.objc; name = "NSDate-Utilities.m"; path = "Vendor/NSDate-Utilities.m"; sourceTree = "<group>"; };
		41C3CDE8191ED2A2004FFED5 /* CreateActivityViewController.h */ = {isa = PBXFileReference; fileEncoding = 4; lastKnownFileType = sourcecode.c.h; path = CreateActivityViewController.h; sourceTree = "<group>"; };
		41C3CDE9191ED2A2004FFED5 /* CreateActivityViewController.m */ = {isa = PBXFileReference; fileEncoding = 4; lastKnownFileType = sourcecode.c.objc; path = CreateActivityViewController.m; sourceTree = "<group>"; };
		41C3CDEA191ED2A2004FFED5 /* CreateActivityViewController.xib */ = {isa = PBXFileReference; fileEncoding = 4; lastKnownFileType = file.xib; path = CreateActivityViewController.xib; sourceTree = "<group>"; };
		4554C6D71924E1BA00AE5712 /* FriendsPicker.h */ = {isa = PBXFileReference; fileEncoding = 4; lastKnownFileType = sourcecode.c.h; path = FriendsPicker.h; sourceTree = "<group>"; };
		4554C6D81924E1BA00AE5712 /* FriendsPicker.m */ = {isa = PBXFileReference; fileEncoding = 4; lastKnownFileType = sourcecode.c.objc; path = FriendsPicker.m; sourceTree = "<group>"; };
		4554C6DA1924E6C300AE5712 /* FriendCollectionViewCell.h */ = {isa = PBXFileReference; fileEncoding = 4; lastKnownFileType = sourcecode.c.h; path = FriendCollectionViewCell.h; sourceTree = "<group>"; };
		4554C6DB1924E6C300AE5712 /* FriendCollectionViewCell.m */ = {isa = PBXFileReference; fileEncoding = 4; lastKnownFileType = sourcecode.c.objc; path = FriendCollectionViewCell.m; sourceTree = "<group>"; };
		4554C6DD1924E6DB00AE5712 /* FriendCollectionViewCell.xib */ = {isa = PBXFileReference; fileEncoding = 4; lastKnownFileType = file.xib; path = FriendCollectionViewCell.xib; sourceTree = "<group>"; };
		45E1CF051921397D00F3FC56 /* ActivityCategoryPickerView.h */ = {isa = PBXFileReference; fileEncoding = 4; lastKnownFileType = sourcecode.c.h; path = ActivityCategoryPickerView.h; sourceTree = "<group>"; };
		45E1CF061921397D00F3FC56 /* ActivityCategoryPickerView.m */ = {isa = PBXFileReference; fileEncoding = 4; lastKnownFileType = sourcecode.c.objc; path = ActivityCategoryPickerView.m; sourceTree = "<group>"; };
		45E1CF0919213BA800F3FC56 /* CategoryItemView.h */ = {isa = PBXFileReference; fileEncoding = 4; lastKnownFileType = sourcecode.c.h; path = CategoryItemView.h; sourceTree = "<group>"; };
		45E1CF0A19213BA800F3FC56 /* CategoryItemView.m */ = {isa = PBXFileReference; fileEncoding = 4; lastKnownFileType = sourcecode.c.objc; path = CategoryItemView.m; sourceTree = "<group>"; };
		45F6300F1922BE9D00AFA5D0 /* API.h */ = {isa = PBXFileReference; fileEncoding = 4; lastKnownFileType = sourcecode.c.h; path = API.h; sourceTree = "<group>"; };
		45F630101922BE9D00AFA5D0 /* API.m */ = {isa = PBXFileReference; fileEncoding = 4; lastKnownFileType = sourcecode.c.objc; path = API.m; sourceTree = "<group>"; };
		45F630131922C00400AFA5D0 /* AFHTTPClient.h */ = {isa = PBXFileReference; fileEncoding = 4; lastKnownFileType = sourcecode.c.h; path = AFHTTPClient.h; sourceTree = "<group>"; };
		45F630141922C00400AFA5D0 /* AFHTTPClient.m */ = {isa = PBXFileReference; fileEncoding = 4; lastKnownFileType = sourcecode.c.objc; path = AFHTTPClient.m; sourceTree = "<group>"; };
		45F630151922C00400AFA5D0 /* AFHTTPRequestOperation.h */ = {isa = PBXFileReference; fileEncoding = 4; lastKnownFileType = sourcecode.c.h; path = AFHTTPRequestOperation.h; sourceTree = "<group>"; };
		45F630161922C00400AFA5D0 /* AFHTTPRequestOperation.m */ = {isa = PBXFileReference; fileEncoding = 4; lastKnownFileType = sourcecode.c.objc; path = AFHTTPRequestOperation.m; sourceTree = "<group>"; };
		45F630171922C00400AFA5D0 /* AFImageRequestOperation.h */ = {isa = PBXFileReference; fileEncoding = 4; lastKnownFileType = sourcecode.c.h; path = AFImageRequestOperation.h; sourceTree = "<group>"; };
		45F630181922C00400AFA5D0 /* AFImageRequestOperation.m */ = {isa = PBXFileReference; fileEncoding = 4; lastKnownFileType = sourcecode.c.objc; path = AFImageRequestOperation.m; sourceTree = "<group>"; };
		45F630191922C00400AFA5D0 /* AFJSONRequestOperation.h */ = {isa = PBXFileReference; fileEncoding = 4; lastKnownFileType = sourcecode.c.h; path = AFJSONRequestOperation.h; sourceTree = "<group>"; };
		45F6301A1922C00400AFA5D0 /* AFJSONRequestOperation.m */ = {isa = PBXFileReference; fileEncoding = 4; lastKnownFileType = sourcecode.c.objc; path = AFJSONRequestOperation.m; sourceTree = "<group>"; };
		45F6301B1922C00400AFA5D0 /* AFNetworkActivityIndicatorManager.h */ = {isa = PBXFileReference; fileEncoding = 4; lastKnownFileType = sourcecode.c.h; path = AFNetworkActivityIndicatorManager.h; sourceTree = "<group>"; };
		45F6301C1922C00400AFA5D0 /* AFNetworkActivityIndicatorManager.m */ = {isa = PBXFileReference; fileEncoding = 4; lastKnownFileType = sourcecode.c.objc; path = AFNetworkActivityIndicatorManager.m; sourceTree = "<group>"; };
		45F6301D1922C00400AFA5D0 /* AFNetworking.h */ = {isa = PBXFileReference; fileEncoding = 4; lastKnownFileType = sourcecode.c.h; path = AFNetworking.h; sourceTree = "<group>"; };
		45F6301E1922C00400AFA5D0 /* AFPropertyListRequestOperation.h */ = {isa = PBXFileReference; fileEncoding = 4; lastKnownFileType = sourcecode.c.h; path = AFPropertyListRequestOperation.h; sourceTree = "<group>"; };
		45F6301F1922C00400AFA5D0 /* AFPropertyListRequestOperation.m */ = {isa = PBXFileReference; fileEncoding = 4; lastKnownFileType = sourcecode.c.objc; path = AFPropertyListRequestOperation.m; sourceTree = "<group>"; };
		45F630201922C00400AFA5D0 /* AFURLConnectionOperation.h */ = {isa = PBXFileReference; fileEncoding = 4; lastKnownFileType = sourcecode.c.h; path = AFURLConnectionOperation.h; sourceTree = "<group>"; };
		45F630211922C00400AFA5D0 /* AFURLConnectionOperation.m */ = {isa = PBXFileReference; fileEncoding = 4; lastKnownFileType = sourcecode.c.objc; path = AFURLConnectionOperation.m; sourceTree = "<group>"; };
		45F630221922C00400AFA5D0 /* AFXMLRequestOperation.h */ = {isa = PBXFileReference; fileEncoding = 4; lastKnownFileType = sourcecode.c.h; path = AFXMLRequestOperation.h; sourceTree = "<group>"; };
		45F630231922C00400AFA5D0 /* AFXMLRequestOperation.m */ = {isa = PBXFileReference; fileEncoding = 4; lastKnownFileType = sourcecode.c.objc; path = AFXMLRequestOperation.m; sourceTree = "<group>"; };
		45F630241922C00400AFA5D0 /* UIImageView+AFNetworking.h */ = {isa = PBXFileReference; fileEncoding = 4; lastKnownFileType = sourcecode.c.h; path = "UIImageView+AFNetworking.h"; sourceTree = "<group>"; };
		45F630251922C00400AFA5D0 /* UIImageView+AFNetworking.m */ = {isa = PBXFileReference; fileEncoding = 4; lastKnownFileType = sourcecode.c.objc; path = "UIImageView+AFNetworking.m"; sourceTree = "<group>"; };
/* End PBXFileReference section */

/* Begin PBXFrameworksBuildPhase section */
		413C3A1A190DCC76005A9D51 /* Frameworks */ = {
			isa = PBXFrameworksBuildPhase;
			buildActionMask = 2147483647;
			files = (
				4158BC31193917C700B1A82A /* Social.framework in Frameworks */,
				4158BC2D1939165C00B1A82A /* SystemConfiguration.framework in Frameworks */,
				4158BC2B1939165500B1A82A /* StoreKit.framework in Frameworks */,
				4158BC291939164C00B1A82A /* QuartzCore.framework in Frameworks */,
				4158BC271939164200B1A82A /* Security.framework in Frameworks */,
				4158BC251939163A00B1A82A /* MobileCoreServices.framework in Frameworks */,
				4158BC231939162D00B1A82A /* libz.dylib in Frameworks */,
				4158BC211939162400B1A82A /* CoreLocation.framework in Frameworks */,
				413C3A23190DCC76005A9D51 /* CoreGraphics.framework in Frameworks */,
				4158BC1F1939161700B1A82A /* CFNetwork.framework in Frameworks */,
				4158BC1D1939161000B1A82A /* AudioToolbox.framework in Frameworks */,
				413C3A27190DCC76005A9D51 /* CoreData.framework in Frameworks */,
				413C3A25190DCC76005A9D51 /* UIKit.framework in Frameworks */,
				413C3A21190DCC76005A9D51 /* Foundation.framework in Frameworks */,
				4158BC1B193915EE00B1A82A /* Parse.framework in Frameworks */,
				4158BC2F193916EF00B1A82A /* FacebookSDK.framework in Frameworks */,
			);
			runOnlyForDeploymentPostprocessing = 0;
		};
		413C3A3A190DCC76005A9D51 /* Frameworks */ = {
			isa = PBXFrameworksBuildPhase;
			buildActionMask = 2147483647;
			files = (
				413C3A3F190DCC76005A9D51 /* XCTest.framework in Frameworks */,
				413C3A42190DCC76005A9D51 /* CoreData.framework in Frameworks */,
				413C3A41190DCC76005A9D51 /* UIKit.framework in Frameworks */,
				413C3A40190DCC76005A9D51 /* Foundation.framework in Frameworks */,
			);
			runOnlyForDeploymentPostprocessing = 0;
		};
/* End PBXFrameworksBuildPhase section */

/* Begin PBXGroup section */
		4104466119200B9900634088 /* CategoryPicker */ = {
			isa = PBXGroup;
			children = (
				4104465E19200B5500634088 /* CategoryPickerView.h */,
				4104465F19200B5500634088 /* CategoryPickerView.m */,
			);
			name = CategoryPicker;
			sourceTree = "<group>";
		};
		410FFF73191944BA00BDCD5F /* Categories and helpers */ = {
			isa = PBXGroup;
			children = (
				41C3CDE4191E0B3F004FFED5 /* NSDate-Utilities.h */,
				41C3CDE5191E0B3F004FFED5 /* NSDate-Utilities.m */,
				413E04181913A1B30059CE09 /* Helper.h */,
				413E04191913A1B30059CE09 /* Helper.m */,
				413C3A6B190DD15E005A9D51 /* UIView+Frame.h */,
				413C3A6C190DD15E005A9D51 /* UIView+Frame.m */,
				410FFFA0191AB94900BDCD5F /* DataFactory.h */,
				410FFFA1191AB94900BDCD5F /* DataFactory.m */,
			);
			name = "Categories and helpers";
			sourceTree = "<group>";
		};
		410FFF74191944E200BDCD5F /* Custom classes */ = {
			isa = PBXGroup;
			children = (
				413C3A61190DCEBC005A9D51 /* CustomLabel.h */,
				413C3A62190DCEBC005A9D51 /* CustomLabel.m */,
				419ADD321912768900CD1443 /* CustomViewController.h */,
				419ADD331912768900CD1443 /* CustomViewController.m */,
				419ADD351912846100CD1443 /* ProfilePictureImageView.h */,
				419ADD361912846100CD1443 /* ProfilePictureImageView.m */,
				413E040C19138C7F0059CE09 /* CustomButton.h */,
				413E040D19138C7F0059CE09 /* CustomButton.m */,
				413E041519138FD40059CE09 /* CustomTableViewCell.h */,
				413E041619138FD40059CE09 /* CustomTableViewCell.m */,
				410FFF6A1919401C00BDCD5F /* CustomTabBarController.h */,
				410FFF6B1919401C00BDCD5F /* CustomTabBarController.m */,
				410FFF6C1919401C00BDCD5F /* CustomTabBarController.xib */,
				410FFF701919421500BDCD5F /* CustomNavigationController.h */,
				410FFF711919421500BDCD5F /* CustomNavigationController.m */,
			);
			name = "Custom classes";
			sourceTree = "<group>";
		};
		410FFF9A191AB56500BDCD5F /* Cells */ = {
			isa = PBXGroup;
			children = (
				410FFF9B191AB57B00BDCD5F /* HeroCell.h */,
				410FFF9C191AB57B00BDCD5F /* HeroCell.m */,
				410FFF9D191AB57B00BDCD5F /* HeroCell.xib */,
				41C3CDDF191E0815004FFED5 /* HeroHeaderView.h */,
				41C3CDE0191E0815004FFED5 /* HeroHeaderView.m */,
				41C3CDE2191E0835004FFED5 /* HeroHeaderView.xib */,
			);
			name = Cells;
			sourceTree = "<group>";
		};
		413C3A14190DCC76005A9D51 = {
			isa = PBXGroup;
			children = (
				413C3A28190DCC76005A9D51 /* DoStuff */,
				413C3A45190DCC76005A9D51 /* DoStuffTests */,
				413C3A1F190DCC76005A9D51 /* Frameworks */,
				413C3A1E190DCC76005A9D51 /* Products */,
			);
			sourceTree = "<group>";
		};
		413C3A1E190DCC76005A9D51 /* Products */ = {
			isa = PBXGroup;
			children = (
				413C3A1D190DCC76005A9D51 /* DoStuff.app */,
				413C3A3D190DCC76005A9D51 /* DoStuffTests.xctest */,
			);
			name = Products;
			sourceTree = "<group>";
		};
		413C3A1F190DCC76005A9D51 /* Frameworks */ = {
			isa = PBXGroup;
			children = (
				4158BC30193917C700B1A82A /* Social.framework */,
				4158BC2E193916EF00B1A82A /* FacebookSDK.framework */,
				4158BC2C1939165C00B1A82A /* SystemConfiguration.framework */,
				4158BC2A1939165500B1A82A /* StoreKit.framework */,
				4158BC281939164C00B1A82A /* QuartzCore.framework */,
				4158BC261939164200B1A82A /* Security.framework */,
				4158BC241939163A00B1A82A /* MobileCoreServices.framework */,
				4158BC221939162D00B1A82A /* libz.dylib */,
				4158BC201939162400B1A82A /* CoreLocation.framework */,
				4158BC1E1939161700B1A82A /* CFNetwork.framework */,
				4158BC1C1939161000B1A82A /* AudioToolbox.framework */,
				4158BC1A193915EE00B1A82A /* Parse.framework */,
				413C3A20190DCC76005A9D51 /* Foundation.framework */,
				413C3A22190DCC76005A9D51 /* CoreGraphics.framework */,
				413C3A24190DCC76005A9D51 /* UIKit.framework */,
				413C3A26190DCC76005A9D51 /* CoreData.framework */,
				413C3A3E190DCC76005A9D51 /* XCTest.framework */,
			);
			name = Frameworks;
			sourceTree = "<group>";
		};
		413C3A28190DCC76005A9D51 /* DoStuff */ = {
			isa = PBXGroup;
			children = (
				45F6300E1922BE8000AFA5D0 /* API */,
				41C3CDE7191ED26C004FFED5 /* Activity */,
				413E03DF19138A840059CE09 /* Vendor */,
				413E03B419136F720059CE09 /* Hero view */,
				413E040F19138D400059CE09 /* Friends List */,
				419ADD2419115DD900CD1443 /* Partners */,
				413C3A60190DCE7A005A9D51 /* Custom */,
				413C3A55190DCCBB005A9D51 /* Setup */,
				419ADD2C191160CB00CD1443 /* Login */,
				413C3A31190DCC76005A9D51 /* AppDelegate.h */,
				413C3A32190DCC76005A9D51 /* AppDelegate.m */,
				413C3A70190DD476005A9D51 /* DoStuffProperties.h */,
				413C3A37190DCC76005A9D51 /* Images.xcassets */,
				413E03B319136D070059CE09 /* Data */,
				413C3A29190DCC76005A9D51 /* Supporting Files */,
			);
			path = DoStuff;
			sourceTree = "<group>";
		};
		413C3A29190DCC76005A9D51 /* Supporting Files */ = {
			isa = PBXGroup;
			children = (
				418BBC64192FF7A30033BD3B /* Fonts */,
				413C3A2A190DCC76005A9D51 /* DoStuff-Info.plist */,
				413C3A2B190DCC76005A9D51 /* InfoPlist.strings */,
				413C3A2E190DCC76005A9D51 /* main.m */,
				413C3A30190DCC76005A9D51 /* DoStuff-Prefix.pch */,
			);
			name = "Supporting Files";
			sourceTree = "<group>";
		};
		413C3A45190DCC76005A9D51 /* DoStuffTests */ = {
			isa = PBXGroup;
			children = (
				413C3A4B190DCC76005A9D51 /* DoStuffTests.m */,
				413C3A46190DCC76005A9D51 /* Supporting Files */,
			);
			path = DoStuffTests;
			sourceTree = "<group>";
		};
		413C3A46190DCC76005A9D51 /* Supporting Files */ = {
			isa = PBXGroup;
			children = (
				413C3A47190DCC76005A9D51 /* DoStuffTests-Info.plist */,
				413C3A48190DCC76005A9D51 /* InfoPlist.strings */,
			);
			name = "Supporting Files";
			sourceTree = "<group>";
		};
		413C3A55190DCCBB005A9D51 /* Setup */ = {
			isa = PBXGroup;
			children = (
				413C3A56190DCCD7005A9D51 /* SetupViewController.h */,
				413C3A57190DCCD7005A9D51 /* SetupViewController.m */,
				413C3A58190DCCD7005A9D51 /* SetupViewController.xib */,
				413C3A5B190DCE52005A9D51 /* GreetingsView.h */,
				413C3A5C190DCE52005A9D51 /* GreetingsView.m */,
				413C3A5E190DCE65005A9D51 /* GreetingsView.xib */,
				413C3A64190DCEFA005A9D51 /* ImportDataView.h */,
				413C3A65190DCEFA005A9D51 /* ImportDataView.m */,
				413C3A67190DCF1A005A9D51 /* ImportDataView.xib */,
				419ADD381912889300CD1443 /* SignUpInformationView.h */,
				419ADD391912889300CD1443 /* SignUpInformationView.m */,
				419ADD3B191289B800CD1443 /* SignUpInformationView.xib */,
			);
			name = Setup;
			sourceTree = "<group>";
		};
		413C3A60190DCE7A005A9D51 /* Custom */ = {
			isa = PBXGroup;
			children = (
				410FFF74191944E200BDCD5F /* Custom classes */,
				410FFF73191944BA00BDCD5F /* Categories and helpers */,
			);
			name = Custom;
			sourceTree = "<group>";
		};
		413E03B319136D070059CE09 /* Data */ = {
			isa = PBXGroup;
			children = (
				413C3A34190DCC76005A9D51 /* DoStuff.xcdatamodeld */,
				413E03C3191373970059CE09 /* DAO */,
				413E03BF191373310059CE09 /* Models */,
				413E03CD1913787B0059CE09 /* DataManager.h */,
				413E03CE1913787B0059CE09 /* DataManager.m */,
			);
			name = Data;
			sourceTree = "<group>";
		};
		413E03B419136F720059CE09 /* Hero view */ = {
			isa = PBXGroup;
			children = (
				410FFF9A191AB56500BDCD5F /* Cells */,
				413E03B519136F930059CE09 /* HeroViewController.h */,
				413E03B619136F930059CE09 /* HeroViewController.m */,
				413E03B719136F930059CE09 /* HeroViewController.xib */,
			);
			name = "Hero view";
			sourceTree = "<group>";
		};
		413E03BF191373310059CE09 /* Models */ = {
			isa = PBXGroup;
			children = (
				413E03D6191380ED0059CE09 /* BaseModel.h */,
				413E03D7191380ED0059CE09 /* BaseModel.m */,
				413E03DC191382670059CE09 /* Profile.h */,
				413E03DD191382670059CE09 /* Profile.m */,
				413E03D9191382670059CE09 /* User.h */,
				413E03DA191382670059CE09 /* User.m */,
				410FFFAC191AB9C800BDCD5F /* Activity.h */,
				410FFFAD191AB9C800BDCD5F /* Activity.m */,
				410FFFDE191BE30C00BDCD5F /* ActivityCategory.h */,
				410FFFDF191BE30C00BDCD5F /* ActivityCategory.m */,
			);
			name = Models;
			sourceTree = "<group>";
		};
		413E03C3191373970059CE09 /* DAO */ = {
			isa = PBXGroup;
			children = (
				413E03C7191373D90059CE09 /* BaseDAO.h */,
				413E03C8191373D90059CE09 /* BaseDAO.m */,
				413E03CA1913741B0059CE09 /* UserDAO.h */,
				413E03CB1913741B0059CE09 /* UserDAO.m */,
				413E03D319137D5F0059CE09 /* ProfileDAO.h */,
				413E03D419137D5F0059CE09 /* ProfileDAO.m */,
				410FFFE1191BE33F00BDCD5F /* ActivityCategoryDAO.h */,
				410FFFE2191BE33F00BDCD5F /* ActivityCategoryDAO.m */,
				410FFFE4191BE5B500BDCD5F /* ActivityDAO.h */,
				410FFFE5191BE5B500BDCD5F /* ActivityDAO.m */,
			);
			name = DAO;
			sourceTree = "<group>";
		};
		413E03DF19138A840059CE09 /* Vendor */ = {
			isa = PBXGroup;
			children = (
				45F630121922C00400AFA5D0 /* AFNetworking */,
				413E03E019138A840059CE09 /* SDWebImage */,
			);
			path = Vendor;
			sourceTree = "<group>";
		};
		413E03E019138A840059CE09 /* SDWebImage */ = {
			isa = PBXGroup;
			children = (
				413E03E119138A840059CE09 /* MKAnnotationView+WebCache.h */,
				413E03E219138A840059CE09 /* MKAnnotationView+WebCache.m */,
				413E03E319138A840059CE09 /* NSData+ImageContentType.h */,
				413E03E419138A840059CE09 /* NSData+ImageContentType.m */,
				413E03E519138A840059CE09 /* SDImageCache.h */,
				413E03E619138A840059CE09 /* SDImageCache.m */,
				413E03E719138A840059CE09 /* SDWebImageCompat.h */,
				413E03E819138A840059CE09 /* SDWebImageCompat.m */,
				413E03E919138A840059CE09 /* SDWebImageDecoder.h */,
				413E03EA19138A840059CE09 /* SDWebImageDecoder.m */,
				413E03EB19138A840059CE09 /* SDWebImageDownloader.h */,
				413E03EC19138A840059CE09 /* SDWebImageDownloader.m */,
				413E03ED19138A840059CE09 /* SDWebImageDownloaderOperation.h */,
				413E03EE19138A840059CE09 /* SDWebImageDownloaderOperation.m */,
				413E03EF19138A840059CE09 /* SDWebImageManager.h */,
				413E03F019138A840059CE09 /* SDWebImageManager.m */,
				413E03F119138A840059CE09 /* SDWebImageOperation.h */,
				413E03F219138A840059CE09 /* SDWebImagePrefetcher.h */,
				413E03F319138A840059CE09 /* SDWebImagePrefetcher.m */,
				413E03F419138A840059CE09 /* UIButton+WebCache.h */,
				413E03F519138A840059CE09 /* UIButton+WebCache.m */,
				413E03F619138A840059CE09 /* UIImage+GIF.h */,
				413E03F719138A840059CE09 /* UIImage+GIF.m */,
				413E03F819138A840059CE09 /* UIImage+MultiFormat.h */,
				413E03F919138A840059CE09 /* UIImage+MultiFormat.m */,
				413E03FA19138A840059CE09 /* UIImage+WebP.h */,
				413E03FB19138A840059CE09 /* UIImage+WebP.m */,
				413E03FC19138A840059CE09 /* UIImageView+WebCache.h */,
				413E03FD19138A840059CE09 /* UIImageView+WebCache.m */,
			);
			path = SDWebImage;
			sourceTree = "<group>";
		};
		413E040F19138D400059CE09 /* Friends List */ = {
			isa = PBXGroup;
			children = (
				413E03BA19136FA30059CE09 /* FriendsListViewController.h */,
				413E03BB19136FA30059CE09 /* FriendsListViewController.m */,
				413E03BC19136FA30059CE09 /* FriendsListViewController.xib */,
				413E041019138D6B0059CE09 /* FriendListCell.h */,
				413E041119138D6B0059CE09 /* FriendListCell.m */,
				413E041219138D6B0059CE09 /* FriendListCell.xib */,
			);
			name = "Friends List";
			sourceTree = "<group>";
		};
		418BBC64192FF7A30033BD3B /* Fonts */ = {
			isa = PBXGroup;
			children = (
				418BBC6D192FF8C70033BD3B /* Roboto-Bold.ttf */,
				418BBC6E192FF8C70033BD3B /* Roboto-Light.ttf */,
				418BBC6F192FF8C70033BD3B /* Roboto-Medium.ttf */,
			);
			name = Fonts;
			sourceTree = "<group>";
		};
		419ADD2419115DD900CD1443 /* Partners */ = {
			isa = PBXGroup;
			children = (
				419ADD2519115E0700CD1443 /* FacebookHandler.h */,
				419ADD2619115E0700CD1443 /* FacebookHandler.m */,
			);
			name = Partners;
			sourceTree = "<group>";
		};
		419ADD2C191160CB00CD1443 /* Login */ = {
			isa = PBXGroup;
			children = (
				419ADD2D191160E700CD1443 /* LoginViewController.h */,
				419ADD2E191160E700CD1443 /* LoginViewController.m */,
				419ADD2F191160E700CD1443 /* LoginViewController.xib */,
			);
			name = Login;
			sourceTree = "<group>";
		};
		41C3CDE7191ED26C004FFED5 /* Activity */ = {
			isa = PBXGroup;
			children = (
				4104466119200B9900634088 /* CategoryPicker */,
				4554C6D61924E19B00AE5712 /* Friend Picker */,
				45E1CF0819213B6C00F3FC56 /* Category Picker */,
				41044657191EE9AB00634088 /* DatePickerView.h */,
				41044658191EE9AB00634088 /* DatePickerView.m */,
				41044659191EE9AB00634088 /* DatePickerView.xib */,
				41C3CDE8191ED2A2004FFED5 /* CreateActivityViewController.h */,
				41C3CDE9191ED2A2004FFED5 /* CreateActivityViewController.m */,
				41C3CDEA191ED2A2004FFED5 /* CreateActivityViewController.xib */,
			);
			name = Activity;
			sourceTree = "<group>";
		};
		4554C6D61924E19B00AE5712 /* Friend Picker */ = {
			isa = PBXGroup;
			children = (
				4554C6D71924E1BA00AE5712 /* FriendsPicker.h */,
				4554C6D81924E1BA00AE5712 /* FriendsPicker.m */,
				4554C6DA1924E6C300AE5712 /* FriendCollectionViewCell.h */,
				4554C6DB1924E6C300AE5712 /* FriendCollectionViewCell.m */,
				4554C6DD1924E6DB00AE5712 /* FriendCollectionViewCell.xib */,
				418BBC73192FFD720033BD3B /* FriendCollectionViewFlowLayout.h */,
				418BBC74192FFD720033BD3B /* FriendCollectionViewFlowLayout.m */,
			);
			name = "Friend Picker";
			sourceTree = "<group>";
		};
		45E1CF0819213B6C00F3FC56 /* Category Picker */ = {
			isa = PBXGroup;
			children = (
				45E1CF051921397D00F3FC56 /* ActivityCategoryPickerView.h */,
				45E1CF061921397D00F3FC56 /* ActivityCategoryPickerView.m */,
				45E1CF0919213BA800F3FC56 /* CategoryItemView.h */,
				45E1CF0A19213BA800F3FC56 /* CategoryItemView.m */,
			);
			name = "Category Picker";
			sourceTree = "<group>";
		};
		45F6300E1922BE8000AFA5D0 /* API */ = {
			isa = PBXGroup;
			children = (
				45F6300F1922BE9D00AFA5D0 /* API.h */,
				45F630101922BE9D00AFA5D0 /* API.m */,
				4158BC32193918AF00B1A82A /* ParseClient.h */,
				4158BC33193918AF00B1A82A /* ParseClient.m */,
			);
			name = API;
			sourceTree = "<group>";
		};
		45F630121922C00400AFA5D0 /* AFNetworking */ = {
			isa = PBXGroup;
			children = (
				45F630131922C00400AFA5D0 /* AFHTTPClient.h */,
				45F630141922C00400AFA5D0 /* AFHTTPClient.m */,
				45F630151922C00400AFA5D0 /* AFHTTPRequestOperation.h */,
				45F630161922C00400AFA5D0 /* AFHTTPRequestOperation.m */,
				45F630171922C00400AFA5D0 /* AFImageRequestOperation.h */,
				45F630181922C00400AFA5D0 /* AFImageRequestOperation.m */,
				45F630191922C00400AFA5D0 /* AFJSONRequestOperation.h */,
				45F6301A1922C00400AFA5D0 /* AFJSONRequestOperation.m */,
				45F6301B1922C00400AFA5D0 /* AFNetworkActivityIndicatorManager.h */,
				45F6301C1922C00400AFA5D0 /* AFNetworkActivityIndicatorManager.m */,
				45F6301D1922C00400AFA5D0 /* AFNetworking.h */,
				45F6301E1922C00400AFA5D0 /* AFPropertyListRequestOperation.h */,
				45F6301F1922C00400AFA5D0 /* AFPropertyListRequestOperation.m */,
				45F630201922C00400AFA5D0 /* AFURLConnectionOperation.h */,
				45F630211922C00400AFA5D0 /* AFURLConnectionOperation.m */,
				45F630221922C00400AFA5D0 /* AFXMLRequestOperation.h */,
				45F630231922C00400AFA5D0 /* AFXMLRequestOperation.m */,
				45F630241922C00400AFA5D0 /* UIImageView+AFNetworking.h */,
				45F630251922C00400AFA5D0 /* UIImageView+AFNetworking.m */,
			);
			path = AFNetworking;
			sourceTree = "<group>";
		};
/* End PBXGroup section */

/* Begin PBXNativeTarget section */
		413C3A1C190DCC76005A9D51 /* DoStuff */ = {
			isa = PBXNativeTarget;
			buildConfigurationList = 413C3A4F190DCC76005A9D51 /* Build configuration list for PBXNativeTarget "DoStuff" */;
			buildPhases = (
				413C3A19190DCC76005A9D51 /* Sources */,
				413C3A1A190DCC76005A9D51 /* Frameworks */,
				413C3A1B190DCC76005A9D51 /* Resources */,
			);
			buildRules = (
			);
			dependencies = (
			);
			name = DoStuff;
			productName = DoStuff;
			productReference = 413C3A1D190DCC76005A9D51 /* DoStuff.app */;
			productType = "com.apple.product-type.application";
		};
		413C3A3C190DCC76005A9D51 /* DoStuffTests */ = {
			isa = PBXNativeTarget;
			buildConfigurationList = 413C3A52190DCC76005A9D51 /* Build configuration list for PBXNativeTarget "DoStuffTests" */;
			buildPhases = (
				413C3A39190DCC76005A9D51 /* Sources */,
				413C3A3A190DCC76005A9D51 /* Frameworks */,
				413C3A3B190DCC76005A9D51 /* Resources */,
			);
			buildRules = (
			);
			dependencies = (
				413C3A44190DCC76005A9D51 /* PBXTargetDependency */,
			);
			name = DoStuffTests;
			productName = DoStuffTests;
			productReference = 413C3A3D190DCC76005A9D51 /* DoStuffTests.xctest */;
			productType = "com.apple.product-type.bundle.unit-test";
		};
/* End PBXNativeTarget section */

/* Begin PBXProject section */
		413C3A15190DCC76005A9D51 /* Project object */ = {
			isa = PBXProject;
			attributes = {
				LastUpgradeCheck = 0510;
				ORGANIZATIONNAME = "Olle Lind";
				TargetAttributes = {
					413C3A3C190DCC76005A9D51 = {
						TestTargetID = 413C3A1C190DCC76005A9D51;
					};
				};
			};
			buildConfigurationList = 413C3A18190DCC76005A9D51 /* Build configuration list for PBXProject "DoStuff" */;
			compatibilityVersion = "Xcode 3.2";
			developmentRegion = English;
			hasScannedForEncodings = 0;
			knownRegions = (
				en,
			);
			mainGroup = 413C3A14190DCC76005A9D51;
			productRefGroup = 413C3A1E190DCC76005A9D51 /* Products */;
			projectDirPath = "";
			projectRoot = "";
			targets = (
				413C3A1C190DCC76005A9D51 /* DoStuff */,
				413C3A3C190DCC76005A9D51 /* DoStuffTests */,
			);
		};
/* End PBXProject section */

/* Begin PBXResourcesBuildPhase section */
		413C3A1B190DCC76005A9D51 /* Resources */ = {
			isa = PBXResourcesBuildPhase;
			buildActionMask = 2147483647;
			files = (
				413C3A68190DCF1A005A9D51 /* ImportDataView.xib in Resources */,
				413E041419138D6B0059CE09 /* FriendListCell.xib in Resources */,
				41C3CDE3191E0836004FFED5 /* HeroHeaderView.xib in Resources */,
				4104465B191EE9AB00634088 /* DatePickerView.xib in Resources */,
				413C3A2D190DCC76005A9D51 /* InfoPlist.strings in Resources */,
				410FFF9F191AB57B00BDCD5F /* HeroCell.xib in Resources */,
				418BBC70192FF8C70033BD3B /* Roboto-Bold.ttf in Resources */,
				419ADD31191160E700CD1443 /* LoginViewController.xib in Resources */,
				418BBC71192FF8C70033BD3B /* Roboto-Light.ttf in Resources */,
				418BBC72192FF8C70033BD3B /* Roboto-Medium.ttf in Resources */,
				419ADD3C191289B800CD1443 /* SignUpInformationView.xib in Resources */,
				410FFF6E1919401C00BDCD5F /* CustomTabBarController.xib in Resources */,
				41C3CDEC191ED2A2004FFED5 /* CreateActivityViewController.xib in Resources */,
				413E03B919136F930059CE09 /* HeroViewController.xib in Resources */,
				413C3A5F190DCE65005A9D51 /* GreetingsView.xib in Resources */,
				4554C6DE1924E6DB00AE5712 /* FriendCollectionViewCell.xib in Resources */,
				413C3A5A190DCCD7005A9D51 /* SetupViewController.xib in Resources */,
				413E03BE19136FA30059CE09 /* FriendsListViewController.xib in Resources */,
				413C3A38190DCC76005A9D51 /* Images.xcassets in Resources */,
			);
			runOnlyForDeploymentPostprocessing = 0;
		};
		413C3A3B190DCC76005A9D51 /* Resources */ = {
			isa = PBXResourcesBuildPhase;
			buildActionMask = 2147483647;
			files = (
				413C3A4A190DCC76005A9D51 /* InfoPlist.strings in Resources */,
			);
			runOnlyForDeploymentPostprocessing = 0;
		};
/* End PBXResourcesBuildPhase section */

/* Begin PBXSourcesBuildPhase section */
		413C3A19190DCC76005A9D51 /* Sources */ = {
			isa = PBXSourcesBuildPhase;
			buildActionMask = 2147483647;
			files = (
				413E040819138A840059CE09 /* UIImage+GIF.m in Sources */,
				413C3A6D190DD15E005A9D51 /* UIView+Frame.m in Sources */,
				410FFFA2191AB94900BDCD5F /* DataFactory.m in Sources */,
				410FFF6D1919401C00BDCD5F /* CustomTabBarController.m in Sources */,
				413E03CF1913787B0059CE09 /* DataManager.m in Sources */,
				413C3A5D190DCE52005A9D51 /* GreetingsView.m in Sources */,
				4554C6DC1924E6C300AE5712 /* FriendCollectionViewCell.m in Sources */,
				419ADD2719115E0700CD1443 /* FacebookHandler.m in Sources */,
				419ADD341912768900CD1443 /* CustomViewController.m in Sources */,
				45F6302C1922C00400AFA5D0 /* AFURLConnectionOperation.m in Sources */,
				413E040719138A840059CE09 /* UIButton+WebCache.m in Sources */,
				413E041A1913A1B30059CE09 /* Helper.m in Sources */,
				413C3A59190DCCD7005A9D51 /* SetupViewController.m in Sources */,
				413E040919138A840059CE09 /* UIImage+MultiFormat.m in Sources */,
				410FFF721919421500BDCD5F /* CustomNavigationController.m in Sources */,
				419ADD30191160E700CD1443 /* LoginViewController.m in Sources */,
				418BBC75192FFD720033BD3B /* FriendCollectionViewFlowLayout.m in Sources */,
				413E040219138A840059CE09 /* SDWebImageDecoder.m in Sources */,
				413E03C9191373D90059CE09 /* BaseDAO.m in Sources */,
				4104466019200B5500634088 /* CategoryPickerView.m in Sources */,
				45F630291922C00400AFA5D0 /* AFJSONRequestOperation.m in Sources */,
				413E03DB191382670059CE09 /* User.m in Sources */,
				413E03CC1913741B0059CE09 /* UserDAO.m in Sources */,
				4104465A191EE9AB00634088 /* DatePickerView.m in Sources */,
				413E040B19138A840059CE09 /* UIImageView+WebCache.m in Sources */,
				413E03FF19138A840059CE09 /* NSData+ImageContentType.m in Sources */,
				45F630271922C00400AFA5D0 /* AFHTTPRequestOperation.m in Sources */,
				413E040319138A840059CE09 /* SDWebImageDownloader.m in Sources */,
				410FFFE3191BE33F00BDCD5F /* ActivityCategoryDAO.m in Sources */,
				413C3A33190DCC76005A9D51 /* AppDelegate.m in Sources */,
				413E03DE191382670059CE09 /* Profile.m in Sources */,
				413C3A2F190DCC76005A9D51 /* main.m in Sources */,
				413C3A36190DCC76005A9D51 /* DoStuff.xcdatamodeld in Sources */,
				413E03D8191380ED0059CE09 /* BaseModel.m in Sources */,
				413C3A66190DCEFA005A9D51 /* ImportDataView.m in Sources */,
				410FFF9E191AB57B00BDCD5F /* HeroCell.m in Sources */,
				413E040119138A840059CE09 /* SDWebImageCompat.m in Sources */,
				413C3A63190DCEBC005A9D51 /* CustomLabel.m in Sources */,
				413E03FE19138A840059CE09 /* MKAnnotationView+WebCache.m in Sources */,
				410FFFE0191BE30C00BDCD5F /* ActivityCategory.m in Sources */,
				413E03BD19136FA30059CE09 /* FriendsListViewController.m in Sources */,
				45E1CF071921397D00F3FC56 /* ActivityCategoryPickerView.m in Sources */,
				413E041319138D6B0059CE09 /* FriendListCell.m in Sources */,
				413E03D519137D5F0059CE09 /* ProfileDAO.m in Sources */,
				413E040E19138C7F0059CE09 /* CustomButton.m in Sources */,
				41C3CDE6191E0B3F004FFED5 /* NSDate-Utilities.m in Sources */,
				45F6302E1922C00400AFA5D0 /* UIImageView+AFNetworking.m in Sources */,
				410FFFAE191AB9C800BDCD5F /* Activity.m in Sources */,
				45E1CF0B19213BA800F3FC56 /* CategoryItemView.m in Sources */,
				45F6302A1922C00400AFA5D0 /* AFNetworkActivityIndicatorManager.m in Sources */,
				413E040619138A840059CE09 /* SDWebImagePrefetcher.m in Sources */,
				419ADD3A1912889300CD1443 /* SignUpInformationView.m in Sources */,
				4554C6D91924E1BA00AE5712 /* FriendsPicker.m in Sources */,
				413E040419138A840059CE09 /* SDWebImageDownloaderOperation.m in Sources */,
				410FFFE6191BE5B500BDCD5F /* ActivityDAO.m in Sources */,
				413E03B819136F930059CE09 /* HeroViewController.m in Sources */,
				45F630261922C00400AFA5D0 /* AFHTTPClient.m in Sources */,
				413E040519138A840059CE09 /* SDWebImageManager.m in Sources */,
				413E040A19138A840059CE09 /* UIImage+WebP.m in Sources */,
				45F630111922BE9D00AFA5D0 /* API.m in Sources */,
				45F6302D1922C00400AFA5D0 /* AFXMLRequestOperation.m in Sources */,
				45F6302B1922C00400AFA5D0 /* AFPropertyListRequestOperation.m in Sources */,
				41C3CDE1191E0815004FFED5 /* HeroHeaderView.m in Sources */,
				41C3CDEB191ED2A2004FFED5 /* CreateActivityViewController.m in Sources */,
				45F630281922C00400AFA5D0 /* AFImageRequestOperation.m in Sources */,
				419ADD371912846100CD1443 /* ProfilePictureImageView.m in Sources */,
				413E040019138A840059CE09 /* SDImageCache.m in Sources */,
				4158BC34193918AF00B1A82A /* ParseClient.m in Sources */,
				413E041719138FD40059CE09 /* CustomTableViewCell.m in Sources */,
			);
			runOnlyForDeploymentPostprocessing = 0;
		};
		413C3A39190DCC76005A9D51 /* Sources */ = {
			isa = PBXSourcesBuildPhase;
			buildActionMask = 2147483647;
			files = (
				413C3A4C190DCC76005A9D51 /* DoStuffTests.m in Sources */,
			);
			runOnlyForDeploymentPostprocessing = 0;
		};
/* End PBXSourcesBuildPhase section */

/* Begin PBXTargetDependency section */
		413C3A44190DCC76005A9D51 /* PBXTargetDependency */ = {
			isa = PBXTargetDependency;
			target = 413C3A1C190DCC76005A9D51 /* DoStuff */;
			targetProxy = 413C3A43190DCC76005A9D51 /* PBXContainerItemProxy */;
		};
/* End PBXTargetDependency section */

/* Begin PBXVariantGroup section */
		413C3A2B190DCC76005A9D51 /* InfoPlist.strings */ = {
			isa = PBXVariantGroup;
			children = (
				413C3A2C190DCC76005A9D51 /* en */,
			);
			name = InfoPlist.strings;
			sourceTree = "<group>";
		};
		413C3A48190DCC76005A9D51 /* InfoPlist.strings */ = {
			isa = PBXVariantGroup;
			children = (
				413C3A49190DCC76005A9D51 /* en */,
			);
			name = InfoPlist.strings;
			sourceTree = "<group>";
		};
/* End PBXVariantGroup section */

/* Begin XCBuildConfiguration section */
		413C3A4D190DCC76005A9D51 /* Debug */ = {
			isa = XCBuildConfiguration;
			buildSettings = {
				ALWAYS_SEARCH_USER_PATHS = NO;
				CLANG_CXX_LANGUAGE_STANDARD = "gnu++0x";
				CLANG_CXX_LIBRARY = "libc++";
				CLANG_ENABLE_MODULES = YES;
				CLANG_ENABLE_OBJC_ARC = YES;
				CLANG_WARN_BOOL_CONVERSION = YES;
				CLANG_WARN_CONSTANT_CONVERSION = YES;
				CLANG_WARN_DIRECT_OBJC_ISA_USAGE = YES_ERROR;
				CLANG_WARN_EMPTY_BODY = YES;
				CLANG_WARN_ENUM_CONVERSION = YES;
				CLANG_WARN_INT_CONVERSION = YES;
				CLANG_WARN_OBJC_ROOT_CLASS = YES_ERROR;
				CLANG_WARN__DUPLICATE_METHOD_MATCH = YES;
				"CODE_SIGN_IDENTITY[sdk=iphoneos*]" = "iPhone Developer";
				COPY_PHASE_STRIP = NO;
				GCC_C_LANGUAGE_STANDARD = gnu99;
				GCC_DYNAMIC_NO_PIC = NO;
				GCC_OPTIMIZATION_LEVEL = 0;
				GCC_PREPROCESSOR_DEFINITIONS = (
					"DEBUG=1",
					"$(inherited)",
				);
				GCC_SYMBOLS_PRIVATE_EXTERN = NO;
				GCC_WARN_64_TO_32_BIT_CONVERSION = YES;
				GCC_WARN_ABOUT_RETURN_TYPE = YES_ERROR;
				GCC_WARN_UNDECLARED_SELECTOR = YES;
				GCC_WARN_UNINITIALIZED_AUTOS = YES_AGGRESSIVE;
				GCC_WARN_UNUSED_FUNCTION = YES;
				GCC_WARN_UNUSED_VARIABLE = YES;
				IPHONEOS_DEPLOYMENT_TARGET = 7.1;
				ONLY_ACTIVE_ARCH = YES;
				SDKROOT = iphoneos;
				TARGETED_DEVICE_FAMILY = "1,2";
			};
			name = Debug;
		};
		413C3A4E190DCC76005A9D51 /* Release */ = {
			isa = XCBuildConfiguration;
			buildSettings = {
				ALWAYS_SEARCH_USER_PATHS = NO;
				CLANG_CXX_LANGUAGE_STANDARD = "gnu++0x";
				CLANG_CXX_LIBRARY = "libc++";
				CLANG_ENABLE_MODULES = YES;
				CLANG_ENABLE_OBJC_ARC = YES;
				CLANG_WARN_BOOL_CONVERSION = YES;
				CLANG_WARN_CONSTANT_CONVERSION = YES;
				CLANG_WARN_DIRECT_OBJC_ISA_USAGE = YES_ERROR;
				CLANG_WARN_EMPTY_BODY = YES;
				CLANG_WARN_ENUM_CONVERSION = YES;
				CLANG_WARN_INT_CONVERSION = YES;
				CLANG_WARN_OBJC_ROOT_CLASS = YES_ERROR;
				CLANG_WARN__DUPLICATE_METHOD_MATCH = YES;
				"CODE_SIGN_IDENTITY[sdk=iphoneos*]" = "iPhone Developer";
				COPY_PHASE_STRIP = YES;
				ENABLE_NS_ASSERTIONS = NO;
				GCC_C_LANGUAGE_STANDARD = gnu99;
				GCC_WARN_64_TO_32_BIT_CONVERSION = YES;
				GCC_WARN_ABOUT_RETURN_TYPE = YES_ERROR;
				GCC_WARN_UNDECLARED_SELECTOR = YES;
				GCC_WARN_UNINITIALIZED_AUTOS = YES_AGGRESSIVE;
				GCC_WARN_UNUSED_FUNCTION = YES;
				GCC_WARN_UNUSED_VARIABLE = YES;
				IPHONEOS_DEPLOYMENT_TARGET = 7.1;
				SDKROOT = iphoneos;
				TARGETED_DEVICE_FAMILY = "1,2";
				VALIDATE_PRODUCT = YES;
			};
			name = Release;
		};
		413C3A50190DCC76005A9D51 /* Debug */ = {
			isa = XCBuildConfiguration;
			buildSettings = {
				ASSETCATALOG_COMPILER_APPICON_NAME = AppIcon;
				ASSETCATALOG_COMPILER_LAUNCHIMAGE_NAME = LaunchImage;
				CODE_SIGN_IDENTITY = "iPhone Developer: Olle Lind (7CFUN5K227)";
				"CODE_SIGN_IDENTITY[sdk=iphoneos*]" = "iPhone Developer: Olle Lind (7CFUN5K227)";
				FRAMEWORK_SEARCH_PATHS = (
					"$(inherited)",
					/Users/olle/Documents/FacebookSDK,
					"$(PROJECT_DIR)",
				);
				GCC_PRECOMPILE_PREFIX_HEADER = YES;
				GCC_PREFIX_HEADER = "DoStuff/DoStuff-Prefix.pch";
				INFOPLIST_FILE = "DoStuff/DoStuff-Info.plist";
				OTHER_LDFLAGS = "-ObjC";
				PRODUCT_NAME = "$(TARGET_NAME)";
				PROVISIONING_PROFILE = "C8586E2C-F566-4AAD-823A-EA8408DF9300";
				WRAPPER_EXTENSION = app;
			};
			name = Debug;
		};
		413C3A51190DCC76005A9D51 /* Release */ = {
			isa = XCBuildConfiguration;
			buildSettings = {
				ASSETCATALOG_COMPILER_APPICON_NAME = AppIcon;
				ASSETCATALOG_COMPILER_LAUNCHIMAGE_NAME = LaunchImage;
				FRAMEWORK_SEARCH_PATHS = (
					"$(inherited)",
					/Users/olle/Documents/FacebookSDK,
					"$(PROJECT_DIR)",
				);
				GCC_PRECOMPILE_PREFIX_HEADER = YES;
				GCC_PREFIX_HEADER = "DoStuff/DoStuff-Prefix.pch";
				INFOPLIST_FILE = "DoStuff/DoStuff-Info.plist";
				OTHER_LDFLAGS = "-ObjC";
				PRODUCT_NAME = "$(TARGET_NAME)";
				WRAPPER_EXTENSION = app;
			};
			name = Release;
		};
		413C3A53190DCC76005A9D51 /* Debug */ = {
			isa = XCBuildConfiguration;
			buildSettings = {
				BUNDLE_LOADER = "$(BUILT_PRODUCTS_DIR)/DoStuff.app/DoStuff";
				FRAMEWORK_SEARCH_PATHS = (
					"$(SDKROOT)/Developer/Library/Frameworks",
					"$(inherited)",
					"$(DEVELOPER_FRAMEWORKS_DIR)",
					"$(PROJECT_DIR)/DoStuffTests",
					/Users/olle/Documents/FacebookSDK,
				);
				GCC_PRECOMPILE_PREFIX_HEADER = YES;
				GCC_PREFIX_HEADER = "DoStuff/DoStuff-Prefix.pch";
				GCC_PREPROCESSOR_DEFINITIONS = (
					"DEBUG=1",
					"$(inherited)",
				);
				INFOPLIST_FILE = "DoStuffTests/DoStuffTests-Info.plist";
				PRODUCT_NAME = "$(TARGET_NAME)";
				TEST_HOST = "$(BUNDLE_LOADER)";
				WRAPPER_EXTENSION = xctest;
			};
			name = Debug;
		};
		413C3A54190DCC76005A9D51 /* Release */ = {
			isa = XCBuildConfiguration;
			buildSettings = {
				BUNDLE_LOADER = "$(BUILT_PRODUCTS_DIR)/DoStuff.app/DoStuff";
				FRAMEWORK_SEARCH_PATHS = (
					"$(SDKROOT)/Developer/Library/Frameworks",
					"$(inherited)",
					"$(DEVELOPER_FRAMEWORKS_DIR)",
					"$(PROJECT_DIR)/DoStuffTests",
					/Users/olle/Documents/FacebookSDK,
				);
				GCC_PRECOMPILE_PREFIX_HEADER = YES;
				GCC_PREFIX_HEADER = "DoStuff/DoStuff-Prefix.pch";
				INFOPLIST_FILE = "DoStuffTests/DoStuffTests-Info.plist";
				PRODUCT_NAME = "$(TARGET_NAME)";
				TEST_HOST = "$(BUNDLE_LOADER)";
				WRAPPER_EXTENSION = xctest;
			};
			name = Release;
		};
/* End XCBuildConfiguration section */

/* Begin XCConfigurationList section */
		413C3A18190DCC76005A9D51 /* Build configuration list for PBXProject "DoStuff" */ = {
			isa = XCConfigurationList;
			buildConfigurations = (
				413C3A4D190DCC76005A9D51 /* Debug */,
				413C3A4E190DCC76005A9D51 /* Release */,
			);
			defaultConfigurationIsVisible = 0;
			defaultConfigurationName = Release;
		};
		413C3A4F190DCC76005A9D51 /* Build configuration list for PBXNativeTarget "DoStuff" */ = {
			isa = XCConfigurationList;
			buildConfigurations = (
				413C3A50190DCC76005A9D51 /* Debug */,
				413C3A51190DCC76005A9D51 /* Release */,
			);
			defaultConfigurationIsVisible = 0;
			defaultConfigurationName = Release;
		};
		413C3A52190DCC76005A9D51 /* Build configuration list for PBXNativeTarget "DoStuffTests" */ = {
			isa = XCConfigurationList;
			buildConfigurations = (
				413C3A53190DCC76005A9D51 /* Debug */,
				413C3A54190DCC76005A9D51 /* Release */,
			);
			defaultConfigurationIsVisible = 0;
			defaultConfigurationName = Release;
		};
/* End XCConfigurationList section */

/* Begin XCVersionGroup section */
		413C3A34190DCC76005A9D51 /* DoStuff.xcdatamodeld */ = {
			isa = XCVersionGroup;
			children = (
				413C3A35190DCC76005A9D51 /* DoStuff.xcdatamodel */,
			);
			currentVersion = 413C3A35190DCC76005A9D51 /* DoStuff.xcdatamodel */;
			path = DoStuff.xcdatamodeld;
			sourceTree = "<group>";
			versionGroupType = wrapper.xcdatamodel;
		};
/* End XCVersionGroup section */
	};
	rootObject = 413C3A15190DCC76005A9D51 /* Project object */;
}
